// !$*UTF8*$!
{
	archiveVersion = 1;
	classes = {
	};
	objectVersion = 56;
	objects = {

/* Begin PBXBuildFile section */
		5217A26A2FF1B6D90011F860 /* PushApp.swift in Sources */ = {isa = PBXBuildFile; fileRef = 5217A2692FF1B6D90011F860 /* PushApp.swift */; };
		5217A26C2FF1B6D90011F860 /* ContentView.swift in Sources */ = {isa = PBXBuildFile; fileRef = 5217A26B2FF1B6D90011F860 /* ContentView.swift */; };
		5217A26E2FF1B6DA0011F860 /* Assets.xcassets in Resources */ = {isa = PBXBuildFile; fileRef = 5217A26D2FF1B6DA0011F860 /* Assets.xcassets */; };
		5217A2712FF1B6DA0011F860 /* Preview Assets.xcassets in Resources */ = {isa = PBXBuildFile; fileRef = 5217A2702FF1B6DA0011F860 /* Preview Assets.xcassets */; };
		5217A27B2FF1B6DA0011F860 /* PushTests.swift in Sources */ = {isa = PBXBuildFile; fileRef = 5217A27A2FF1B6DA0011F860 /* PushTests.swift */; };
		5217A2852FF1B6DA0011F860 /* PushUITests.swift in Sources */ = {isa = PBXBuildFile; fileRef = 5217A2842FF1B6DA0011F860 /* PushUITests.swift */; };
		5217A2872FF1B6DA0011F860 /* PushUITestsLaunchTests.swift in Sources */ = {isa = PBXBuildFile; fileRef = 5217A2862FF1B6DA0011F860 /* PushUITestsLaunchTests.swift */; };
		5217A2932FF1B6DA0011F860 /* PushColorPalette.swift in Sources */ = {isa = PBXBuildFile; fileRef = 5217A2942FF1B6DA0011F860 /* PushColorPalette.swift */; };
/* End PBXBuildFile section */

/* Begin PBXContainerItemProxy section */
		5217A2772FF1B6DA0011F860 /* PBXContainerItemProxy */ = {
			isa = PBXContainerItemProxy;
			containerPortal = 5217A25E2FF1B6D90011F860 /* Project object */;
			proxyType = 1;
			remoteGlobalIDString = 5217A2652FF1B6D90011F860;
			remoteInfo = Push;
		};
		5217A2812FF1B6DA0011F860 /* PBXContainerItemProxy */ = {
			isa = PBXContainerItemProxy;
			containerPortal = 5217A25E2FF1B6D90011F860 /* Project object */;
			proxyType = 1;
			remoteGlobalIDString = 5217A2652FF1B6D90011F860;
			remoteInfo = Push;
		};
/* End PBXContainerItemProxy section */

/* Begin PBXFileReference section */
		5217A2662FF1B6D90011F860 /* Push.app */ = {isa = PBXFileReference; explicitFileType = wrapper.application; includeInIndex = 0; path = Push.app; sourceTree = BUILT_PRODUCTS_DIR; };
		5217A2692FF1B6D90011F860 /* PushApp.swift */ = {isa = PBXFileReference; lastKnownFileType = sourcecode.swift; path = PushApp.swift; sourceTree = "<group>"; };
		5217A26B2FF1B6D90011F860 /* ContentView.swift */ = {isa = PBXFileReference; lastKnownFileType = sourcecode.swift; path = ContentView.swift; sourceTree = "<group>"; };
		5217A26D2FF1B6DA0011F860 /* Assets.xcassets */ = {isa = PBXFileReference; lastKnownFileType = folder.assetcatalog; path = Assets.xcassets; sourceTree = "<group>"; };
		5217A2702FF1B6DA0011F860 /* Preview Assets.xcassets */ = {isa = PBXFileReference; lastKnownFileType = folder.assetcatalog; path = "Preview Assets.xcassets"; sourceTree = "<group>"; };
		5217A2762FF1B6DA0011F860 /* PushTests.xctest */ = {isa = PBXFileReference; explicitFileType = wrapper.cfbundle; includeInIndex = 0; path = PushTests.xctest; sourceTree = BUILT_PRODUCTS_DIR; };
		5217A27A2FF1B6DA0011F860 /* PushTests.swift */ = {isa = PBXFileReference; lastKnownFileType = sourcecode.swift; path = PushTests.swift; sourceTree = "<group>"; };
		5217A2802FF1B6DA0011F860 /* PushUITests.xctest */ = {isa = PBXFileReference; explicitFileType = wrapper.cfbundle; includeInIndex = 0; path = PushUITests.xctest; sourceTree = BUILT_PRODUCTS_DIR; };
		5217A2842FF1B6DA0011F860 /* PushUITests.swift */ = {isa = PBXFileReference; lastKnownFileType = sourcecode.swift; path = PushUITests.swift; sourceTree = "<group>"; };
		5217A2862FF1B6DA0011F860 /* PushUITestsLaunchTests.swift */ = {isa = PBXFileReference; lastKnownFileType = sourcecode.swift; path = PushUITestsLaunchTests.swift; sourceTree = "<group>"; };
		5217A2942FF1B6DA0011F860 /* PushColorPalette.swift */ = {isa = PBXFileReference; lastKnownFileType = sourcecode.swift; path = PushColorPalette.swift; sourceTree = "<group>"; };
/* End PBXFileReference section */

/* Begin PBXFrameworksBuildPhase section */
		5217A2632FF1B6D90011F860 /* Frameworks */ = {
			isa = PBXFrameworksBuildPhase;
			buildActionMask = 2147483647;
			files = (
			);
			runOnlyForDeploymentPostprocessing = 0;
		};
		5217A2732FF1B6DA0011F860 /* Frameworks */ = {
			isa = PBXFrameworksBuildPhase;
			buildActionMask = 2147483647;
			files = (
			);
			runOnlyForDeploymentPostprocessing = 0;
		};
		5217A27D2FF1B6DA0011F860 /* Frameworks */ = {
			isa = PBXFrameworksBuildPhase;
			buildActionMask = 2147483647;
			files = (
			);
			runOnlyForDeploymentPostprocessing = 0;
		};
/* End PBXFrameworksBuildPhase section */

/* Begin PBXGroup section */
		5217A25D2FF1B6D90011F860 = {
			isa = PBXGroup;
			children = (
				5217A2682FF1B6D90011F860 /* Push */,
				5217A2792FF1B6DA0011F860 /* PushTests */,
				5217A2832FF1B6DA0011F860 /* PushUITests */,
				5217A2672FF1B6D90011F860 /* Products */,
			);
			sourceTree = "<group>";
		};
		5217A2672FF1B6D90011F860 /* Products */ = {
			isa = PBXGroup;
			children = (
				5217A2662FF1B6D90011F860 /* Push.app */,
				5217A2762FF1B6DA0011F860 /* PushTests.xctest */,
				5217A2802FF1B6DA0011F860 /* PushUITests.xctest */,
			);
			name = Products;
			sourceTree = "<group>";
		};
		5217A2682FF1B6D90011F860 /* Push */ = {
			isa = PBXGroup;
			children = (
				5217A2692FF1B6D90011F860 /* PushApp.swift */,
				5217A26B2FF1B6D90011F860 /* ContentView.swift */,
				5217A2942FF1B6DA0011F860 /* PushColorPalette.swift */,
				5217A26D2FF1B6DA0011F860 /* Assets.xcassets */,
				5217A26F2FF1B6DA0011F860 /* Preview Content */,
			);
			path = Push;
			sourceTree = "<group>";
		};
		5217A26F2FF1B6DA0011F860 /* Preview Content */ = {
			isa = PBXGroup;
			children = (
				5217A2702FF1B6DA0011F860 /* Preview Assets.xcassets */,
			);
			path = "Preview Content";
			sourceTree = "<group>";
		};
		5217A2792FF1B6DA0011F860 /* PushTests */ = {
			isa = PBXGroup;
			children = (
				5217A27A2FF1B6DA0011F860 /* PushTests.swift */,
			);
			path = PushTests;
			sourceTree = "<group>";
		};
		5217A2832FF1B6DA0011F860 /* PushUITests */ = {
			isa = PBXGroup;
			children = (
				5217A2842FF1B6DA0011F860 /* PushUITests.swift */,
				5217A2862FF1B6DA0011F860 /* PushUITestsLaunchTests.swift */,
			);
			path = PushUITests;
			sourceTree = "<group>";
		};
/* End PBXGroup section */

/* Begin PBXNativeTarget section */
		5217A2652FF1B6D90011F860 /* Push */ = {
			isa = PBXNativeTarget;
			buildConfigurationList = 5217A28A2FF1B6DA0011F860 /* Build configuration list for PBXNativeTarget "Push" */;
			buildPhases = (
				5217A2622FF1B6D90011F860 /* Sources */,
				5217A2632FF1B6D90011F860 /* Frameworks */,
				5217A2642FF1B6D90011F860 /* Resources */,
			);
			buildRules = (
			);
			dependencies = (
			);
			name = Push;
			productName = Push;
			productReference = 5217A2662FF1B6D90011F860 /* Push.app */;
			productType = "com.apple.product-type.application";
		};
		5217A2752FF1B6DA0011F860 /* PushTests */ = {
			isa = PBXNativeTarget;
			buildConfigurationList = 5217A28D2FF1B6DA0011F860 /* Build configuration list for PBXNativeTarget "PushTests" */;
			buildPhases = (
				5217A2722FF1B6DA0011F860 /* Sources */,
				5217A2732FF1B6DA0011F860 /* Frameworks */,
				5217A2742FF1B6DA0011F860 /* Resources */,
			);
			buildRules = (
			);
			dependencies = (
				5217A2782FF1B6DA0011F860 /* PBXTargetDependency */,
			);
			name = PushTests;
			productName = PushTests;
			productReference = 5217A2762FF1B6DA0011F860 /* PushTests.xctest */;
			productType = "com.apple.product-type.bundle.unit-test";
		};
		5217A27F2FF1B6DA0011F860 /* PushUITests */ = {
			isa = PBXNativeTarget;
			buildConfigurationList = 5217A2902FF1B6DA0011F860 /* Build configuration list for PBXNativeTarget "PushUITests" */;
			buildPhases = (
				5217A27C2FF1B6DA0011F860 /* Sources */,
				5217A27D2FF1B6DA0011F860 /* Frameworks */,
				5217A27E2FF1B6DA0011F860 /* Resources */,
			);
			buildRules = (
			);
			dependencies = (
				5217A2822FF1B6DA0011F860 /* PBXTargetDependency */,
			);
			name = PushUITests;
			productName = PushUITests;
			productReference = 5217A2802FF1B6DA0011F860 /* PushUITests.xctest */;
			productType = "com.apple.product-type.bundle.ui-testing";
		};
/* End PBXNativeTarget section */

/* Begin PBXProject section */
		5217A25E2FF1B6D90011F860 /* Project object */ = {
			isa = PBXProject;
			attributes = {
				BuildIndependentTargetsInParallel = 1;
				LastSwiftUpdateCheck = 1430;
				LastUpgradeCheck = 1430;
				TargetAttributes = {
					5217A2652FF1B6D90011F860 = {
						CreatedOnToolsVersion = 14.3.1;
					};
					5217A2752FF1B6DA0011F860 = {
						CreatedOnToolsVersion = 14.3.1;
						TestTargetID = 5217A2652FF1B6D90011F860;
					};
					5217A27F2FF1B6DA0011F860 = {
						CreatedOnToolsVersion = 14.3.1;
						TestTargetID = 5217A2652FF1B6D90011F860;
					};
				};
			};
			buildConfigurationList = 5217A2612FF1B6D90011F860 /* Build configuration list for PBXProject "Push" */;
			compatibilityVersion = "Xcode 14.0";
			developmentRegion = en;
			hasScannedForEncodings = 0;
			knownRegions = (
				en,
				Base,
			);
			mainGroup = 5217A25D2FF1B6D90011F860;
			productRefGroup = 5217A2672FF1B6D90011F860 /* Products */;
			projectDirPath = "";
			projectRoot = "";
			targets = (
				5217A2652FF1B6D90011F860 /* Push */,
				5217A2752FF1B6DA0011F860 /* PushTests */,
				5217A27F2FF1B6DA0011F860 /* PushUITests */,
			);
		};
/* End PBXProject section */

/* Begin PBXResourcesBuildPhase section */
		5217A2642FF1B6D90011F860 /* Resources */ = {
			isa = PBXResourcesBuildPhase;
			buildActionMask = 2147483647;
			files = (
				5217A2712FF1B6DA0011F860 /* Preview Assets.xcassets in Resources */,
				5217A26E2FF1B6DA0011F860 /* Assets.xcassets in Resources */,
			);
			runOnlyForDeploymentPostprocessing = 0;
		};
		5217A2742FF1B6DA0011F860 /* Resources */ = {
			isa = PBXResourcesBuildPhase;
			buildActionMask = 2147483647;
			files = (
			);
			runOnlyForDeploymentPostprocessing = 0;
		};
		5217A27E2FF1B6DA0011F860 /* Resources */ = {
			isa = PBXResourcesBuildPhase;
			buildActionMask = 2147483647;
			files = (
			);
			runOnlyForDeploymentPostprocessing = 0;
		};
/* End PBXResourcesBuildPhase section */

/* Begin PBXSourcesBuildPhase section */
		5217A2622FF1B6D90011F860 /* Sources */ = {
			isa = PBXSourcesBuildPhase;
			buildActionMask = 2147483647;
			files = (
				5217A26C2FF1B6D90011F860 /* ContentView.swift in Sources */,
				5217A26A2FF1B6D90011F860 /* PushApp.swift in Sources */,
				5217A2932FF1B6DA0011F860 /* PushColorPalette.swift in Sources */,
			);
			runOnlyForDeploymentPostprocessing = 0;
		};
		5217A2722FF1B6DA0011F860 /* Sources */ = {
			isa = PBXSourcesBuildPhase;
			buildActionMask = 2147483647;
			files = (
				5217A27B2FF1B6DA0011F860 /* PushTests.swift in Sources */,
			);
			runOnlyForDeploymentPostprocessing = 0;
		};
		5217A27C2FF1B6DA0011F860 /* Sources */ = {
			isa = PBXSourcesBuildPhase;
			buildActionMask = 2147483647;
			files = (
				5217A2872FF1B6DA0011F860 /* PushUITestsLaunchTests.swift in Sources */,
				5217A2852FF1B6DA0011F860 /* PushUITests.swift in Sources */,
			);
			runOnlyForDeploymentPostprocessing = 0;
		};
/* End PBXSourcesBuildPhase section */

/* Begin PBXTargetDependency section */
		5217A2782FF1B6DA0011F860 /* PBXTargetDependency */ = {
			isa = PBXTargetDependency;
			target = 5217A2652FF1B6D90011F860 /* Push */;
			targetProxy = 5217A2772FF1B6DA0011F860 /* PBXContainerItemProxy */;
		};
		5217A2822FF1B6DA0011F860 /* PBXTargetDependency */ = {
			isa = PBXTargetDependency;
			target = 5217A2652FF1B6D90011F860 /* Push */;
			targetProxy = 5217A2812FF1B6DA0011F860 /* PBXContainerItemProxy */;
		};
/* End PBXTargetDependency section */

/* Begin XCBuildConfiguration section */
		5217A2882FF1B6DA0011F860 /* Debug */ = {
			isa = XCBuildConfiguration;
			buildSettings = {
				ALWAYS_SEARCH_USER_PATHS = NO;
				CLANG_ANALYZER_NONNULL = YES;
				CLANG_ANALYZER_NUMBER_OBJECT_CONVERSION = YES_AGGRESSIVE;
				CLANG_CXX_LANGUAGE_STANDARD = "gnu++20";
				CLANG_ENABLE_MODULES = YES;
				CLANG_ENABLE_OBJC_ARC = YES;
				CLANG_ENABLE_OBJC_WEAK = YES;
				CLANG_WARN_BLOCK_CAPTURE_AUTORELEASING = YES;
				CLANG_WARN_BOOL_CONVERSION = YES;
				CLANG_WARN_COMMA = YES;
				CLANG_WARN_CONSTANT_CONVERSION = YES;
				CLANG_WARN_DEPRECATED_OBJC_IMPLEMENTATIONS = YES;
				CLANG_WARN_DIRECT_OBJC_ISA_USAGE = YES_ERROR;
				CLANG_WARN_DOCUMENTATION_COMMENTS = YES;
				CLANG_WARN_EMPTY_BODY = YES;
				CLANG_WARN_ENUM_CONVERSION = YES;
				CLANG_WARN_INFINITE_RECURSION = YES;
				CLANG_WARN_INT_CONVERSION = YES;
				CLANG_WARN_NON_LITERAL_NULL_CONVERSION = YES;
				CLANG_WARN_OBJC_IMPLICIT_RETAIN_SELF = YES;
				CLANG_WARN_OBJC_LITERAL_CONVERSION = YES;
				CLANG_WARN_OBJC_ROOT_CLASS = YES_ERROR;
				CLANG_WARN_QUOTED_INCLUDE_IN_FRAMEWORK_HEADER = YES;
				CLANG_WARN_RANGE_LOOP_ANALYSIS = YES;
				CLANG_WARN_STRICT_PROTOTYPES = YES;
				CLANG_WARN_SUSPICIOUS_MOVE = YES;
				CLANG_WARN_UNGUARDED_AVAILABILITY = YES_AGGRESSIVE;
				CLANG_WARN_UNREACHABLE_CODE = YES;
				CLANG_WARN__DUPLICATE_METHOD_MATCH = YES;
				COPY_PHASE_STRIP = NO;
				DEBUG_INFORMATION_FORMAT = dwarf;
				ENABLE_STRICT_OBJC_MSGSEND = YES;
				ENABLE_TESTABILITY = YES;
				GCC_C_LANGUAGE_STANDARD = gnu11;
				GCC_DYNAMIC_NO_PIC = NO;
				GCC_NO_COMMON_BLOCKS = YES;
				GCC_OPTIMIZATION_LEVEL = 0;
				GCC_PREPROCESSOR_DEFINITIONS = (
					"DEBUG=1",
					"$(inherited)",
				);
				GCC_WARN_64_TO_32_BIT_CONVERSION = YES;
				GCC_WARN_ABOUT_RETURN_TYPE = YES_ERROR;
				GCC_WARN_UNDECLARED_SELECTOR = YES;
				GCC_WARN_UNINITIALIZED_AUTOS = YES_AGGRESSIVE;
				GCC_WARN_UNUSED_FUNCTION = YES;
				GCC_WARN_UNUSED_VARIABLE = YES;
				IPHONEOS_DEPLOYMENT_TARGET = 16.4;
				MTL_ENABLE_DEBUG_INFO = INCLUDE_SOURCE;
				MTL_FAST_MATH = YES;
				ONLY_ACTIVE_ARCH = YES;
				SDKROOT = iphoneos;
				SWIFT_ACTIVE_COMPILATION_CONDITIONS = DEBUG;
				SWIFT_OPTIMIZATION_LEVEL = "-Onone";
			};
			name = Debug;
		};
		5217A2892FF1B6DA0011F860 /* Release */ = {
			isa = XCBuildConfiguration;
			buildSettings = {
				ALWAYS_SEARCH_USER_PATHS = NO;
				CLANG_ANALYZER_NONNULL = YES;
				CLANG_ANALYZER_NUMBER_OBJECT_CONVERSION = YES_AGGRESSIVE;
				CLANG_CXX_LANGUAGE_STANDARD = "gnu++20";
				CLANG_ENABLE_MODULES = YES;
				CLANG_ENABLE_OBJC_ARC = YES;
				CLANG_ENABLE_OBJC_WEAK = YES;
				CLANG_WARN_BLOCK_CAPTURE_AUTORELEASING = YES;
				CLANG_WARN_BOOL_CONVERSION = YES;
				CLANG_WARN_COMMA = YES;
				CLANG_WARN_CONSTANT_CONVERSION = YES;
				CLANG_WARN_DEPRECATED_OBJC_IMPLEMENTATIONS = YES;
				CLANG_WARN_DIRECT_OBJC_ISA_USAGE = YES_ERROR;
				CLANG_WARN_DOCUMENTATION_COMMENTS = YES;
				CLANG_WARN_EMPTY_BODY = YES;
				CLANG_WARN_ENUM_CONVERSION = YES;
				CLANG_WARN_INFINITE_RECURSION = YES;
				CLANG_WARN_INT_CONVERSION = YES;
				CLANG_WARN_NON_LITERAL_NULL_CONVERSION = YES;
				CLANG_WARN_OBJC_IMPLICIT_RETAIN_SELF = YES;
				CLANG_WARN_OBJC_LITERAL_CONVERSION = YES;
				CLANG_WARN_OBJC_ROOT_CLASS = YES_ERROR;
				CLANG_WARN_QUOTED_INCLUDE_IN_FRAMEWORK_HEADER = YES;
				CLANG_WARN_RANGE_LOOP_ANALYSIS = YES;
				CLANG_WARN_STRICT_PROTOTYPES = YES;
				CLANG_WARN_SUSPICIOUS_MOVE = YES;
				CLANG_WARN_UNGUARDED_AVAILABILITY = YES_AGGRESSIVE;
				CLANG_WARN_UNREACHABLE_CODE = YES;
				CLANG_WARN__DUPLICATE_METHOD_MATCH = YES;
				COPY_PHASE_STRIP = NO;
				DEBUG_INFORMATION_FORMAT = "dwarf-with-dsym";
				ENABLE_NS_ASSERTIONS = NO;
				ENABLE_STRICT_OBJC_MSGSEND = YES;
				GCC_C_LANGUAGE_STANDARD = gnu11;
				GCC_NO_COMMON_BLOCKS = YES;
				GCC_WARN_64_TO_32_BIT_CONVERSION = YES;
				GCC_WARN_ABOUT_RETURN_TYPE = YES_ERROR;
				GCC_WARN_UNDECLARED_SELECTOR = YES;
				GCC_WARN_UNINITIALIZED_AUTOS = YES_AGGRESSIVE;
				GCC_WARN_UNUSED_FUNCTION = YES;
				GCC_WARN_UNUSED_VARIABLE = YES;
				IPHONEOS_DEPLOYMENT_TARGET = 16.4;
				MTL_ENABLE_DEBUG_INFO = NO;
				MTL_FAST_MATH = YES;
				SDKROOT = iphoneos;
				SWIFT_COMPILATION_MODE = wholemodule;
				SWIFT_OPTIMIZATION_LEVEL = "-O";
				VALIDATE_PRODUCT = YES;
			};
			name = Release;
		};
		5217A28B2FF1B6DA0011F860 /* Debug */ = {
			isa = XCBuildConfiguration;
			buildSettings = {
				ASSETCATALOG_COMPILER_APPICON_NAME = AppIcon;
				ASSETCATALOG_COMPILER_GLOBAL_ACCENT_COLOR_NAME = AccentColor;
				CODE_SIGN_STYLE = Automatic;
				CURRENT_PROJECT_VERSION = 1;
				DEVELOPMENT_ASSET_PATHS = "\"Push/Preview Content\"";
				DEVELOPMENT_TEAM = 43Z5J88JU8;
				ENABLE_PREVIEWS = YES;
				GENERATE_INFOPLIST_FILE = YES;
				INFOPLIST_KEY_UIApplicationSceneManifest_Generation = YES;
				INFOPLIST_KEY_UIApplicationSupportsIndirectInputEvents = YES;
				INFOPLIST_KEY_UILaunchScreen_Generation = YES;
				INFOPLIST_KEY_UISupportedInterfaceOrientations_iPad = "UIInterfaceOrientationPortrait UIInterfaceOrientationPortraitUpsideDown UIInterfaceOrientationLandscapeLeft UIInterfaceOrientationLandscapeRight";
				INFOPLIST_KEY_UISupportedInterfaceOrientations_iPhone = "UIInterfaceOrientationPortrait UIInterfaceOrientationLandscapeLeft UIInterfaceOrientationLandscapeRight";
				LD_RUNPATH_SEARCH_PATHS = (
					"$(inherited)",
					"@executable_path/Frameworks",
				);
				MARKETING_VERSION = 1.0;
				PRODUCT_BUNDLE_IDENTIFIER = com.manav.Push;
				PRODUCT_NAME = "$(TARGET_NAME)";
				SWIFT_EMIT_LOC_STRINGS = YES;
				SWIFT_VERSION = 5.0;
				TARGETED_DEVICE_FAMILY = "1,2";
			};
			name = Debug;
		};
		5217A28C2FF1B6DA0011F860 /* Release */ = {
			isa = XCBuildConfiguration;
			buildSettings = {
				ASSETCATALOG_COMPILER_APPICON_NAME = AppIcon;
				ASSETCATALOG_COMPILER_GLOBAL_ACCENT_COLOR_NAME = AccentColor;
				CODE_SIGN_STYLE = Automatic;
				CURRENT_PROJECT_VERSION = 1;
				DEVELOPMENT_ASSET_PATHS = "\"Push/Preview Content\"";
				DEVELOPMENT_TEAM = 43Z5J88JU8;
				ENABLE_PREVIEWS = YES;
				GENERATE_INFOPLIST_FILE = YES;
				INFOPLIST_KEY_UIApplicationSceneManifest_Generation = YES;
				INFOPLIST_KEY_UIApplicationSupportsIndirectInputEvents = YES;
				INFOPLIST_KEY_UILaunchScreen_Generation = YES;
				INFOPLIST_KEY_UISupportedInterfaceOrientations_iPad = "UIInterfaceOrientationPortrait UIInterfaceOrientationPortraitUpsideDown UIInterfaceOrientationLandscapeLeft UIInterfaceOrientationLandscapeRight";
				INFOPLIST_KEY_UISupportedInterfaceOrientations_iPhone = "UIInterfaceOrientationPortrait UIInterfaceOrientationLandscapeLeft UIInterfaceOrientationLandscapeRight";
				LD_RUNPATH_SEARCH_PATHS = (
					"$(inherited)",
					"@executable_path/Frameworks",
				);
				MARKETING_VERSION = 1.0;
				PRODUCT_BUNDLE_IDENTIFIER = com.manav.Push;
				PRODUCT_NAME = "$(TARGET_NAME)";
				SWIFT_EMIT_LOC_STRINGS = YES;
				SWIFT_VERSION = 5.0;
				TARGETED_DEVICE_FAMILY = "1,2";
			};
			name = Release;
		};
		5217A28E2FF1B6DA0011F860 /* Debug */ = {
			isa = XCBuildConfiguration;
			buildSettings = {
				ALWAYS_EMBED_SWIFT_STANDARD_LIBRARIES = YES;
				BUNDLE_LOADER = "$(TEST_HOST)";
				CODE_SIGN_STYLE = Automatic;
				CURRENT_PROJECT_VERSION = 1;
				DEVELOPMENT_TEAM = 43Z5J88JU8;
				GENERATE_INFOPLIST_FILE = YES;
				IPHONEOS_DEPLOYMENT_TARGET = 16.4;
				MARKETING_VERSION = 1.0;
				PRODUCT_BUNDLE_IDENTIFIER = com.manav.PushTests;
				PRODUCT_NAME = "$(TARGET_NAME)";
				SWIFT_EMIT_LOC_STRINGS = NO;
				SWIFT_VERSION = 5.0;
				TARGETED_DEVICE_FAMILY = "1,2";
				TEST_HOST = "$(BUILT_PRODUCTS_DIR)/Push.app/$(BUNDLE_EXECUTABLE_FOLDER_PATH)/Push";
			};
			name = Debug;
		};
		5217A28F2FF1B6DA0011F860 /* Release */ = {
			isa = XCBuildConfiguration;
			buildSettings = {
				ALWAYS_EMBED_SWIFT_STANDARD_LIBRARIES = YES;
				BUNDLE_LOADER = "$(TEST_HOST)";
				CODE_SIGN_STYLE = Automatic;
				CURRENT_PROJECT_VERSION = 1;
				DEVELOPMENT_TEAM = 43Z5J88JU8;
				GENERATE_INFOPLIST_FILE = YES;
				IPHONEOS_DEPLOYMENT_TARGET = 16.4;
				MARKETING_VERSION = 1.0;
				PRODUCT_BUNDLE_IDENTIFIER = com.manav.PushTests;
				PRODUCT_NAME = "$(TARGET_NAME)";
				SWIFT_EMIT_LOC_STRINGS = NO;
				SWIFT_VERSION = 5.0;
				TARGETED_DEVICE_FAMILY = "1,2";
				TEST_HOST = "$(BUILT_PRODUCTS_DIR)/Push.app/$(BUNDLE_EXECUTABLE_FOLDER_PATH)/Push";
			};
			name = Release;
		};
		5217A2912FF1B6DA0011F860 /* Debug */ = {
			isa = XCBuildConfiguration;
			buildSettings = {
				ALWAYS_EMBED_SWIFT_STANDARD_LIBRARIES = YES;
				CODE_SIGN_STYLE = Automatic;
				CURRENT_PROJECT_VERSION = 1;
				DEVELOPMENT_TEAM = 43Z5J88JU8;
				GENERATE_INFOPLIST_FILE = YES;
				MARKETING_VERSION = 1.0;
				PRODUCT_BUNDLE_IDENTIFIER = com.manav.PushUITests;
				PRODUCT_NAME = "$(TARGET_NAME)";
				SWIFT_EMIT_LOC_STRINGS = NO;
				SWIFT_VERSION = 5.0;
				TARGETED_DEVICE_FAMILY = "1,2";
				TEST_TARGET_NAME = Push;
			};
			name = Debug;
		};
		5217A2922FF1B6DA0011F860 /* Release */ = {
			isa = XCBuildConfiguration;
			buildSettings = {
				ALWAYS_EMBED_SWIFT_STANDARD_LIBRARIES = YES;
				CODE_SIGN_STYLE = Automatic;
				CURRENT_PROJECT_VERSION = 1;
				DEVELOPMENT_TEAM = 43Z5J88JU8;
				GENERATE_INFOPLIST_FILE = YES;
				MARKETING_VERSION = 1.0;
				PRODUCT_BUNDLE_IDENTIFIER = com.manav.PushUITests;
				PRODUCT_NAME = "$(TARGET_NAME)";
				SWIFT_EMIT_LOC_STRINGS = NO;
				SWIFT_VERSION = 5.0;
				TARGETED_DEVICE_FAMILY = "1,2";
				TEST_TARGET_NAME = Push;
			};
			name = Release;
		};
/* End XCBuildConfiguration section */

/* Begin XCConfigurationList section */
		5217A2612FF1B6D90011F860 /* Build configuration list for PBXProject "Push" */ = {
			isa = XCConfigurationList;
			buildConfigurations = (
				5217A2882FF1B6DA0011F860 /* Debug */,
				5217A2892FF1B6DA0011F860 /* Release */,
			);
			defaultConfigurationIsVisible = 0;
			defaultConfigurationName = Release;
		};
		5217A28A2FF1B6DA0011F860 /* Build configuration list for PBXNativeTarget "Push" */ = {
			isa = XCConfigurationList;
			buildConfigurations = (
				5217A28B2FF1B6DA0011F860 /* Debug */,
				5217A28C2FF1B6DA0011F860 /* Release */,
			);
			defaultConfigurationIsVisible = 0;
			defaultConfigurationName = Release;
		};
		5217A28D2FF1B6DA0011F860 /* Build configuration list for PBXNativeTarget "PushTests" */ = {
			isa = XCConfigurationList;
			buildConfigurations = (
				5217A28E2FF1B6DA0011F860 /* Debug */,
				5217A28F2FF1B6DA0011F860 /* Release */,
			);
			defaultConfigurationIsVisible = 0;
			defaultConfigurationName = Release;
		};
		5217A2902FF1B6DA0011F860 /* Build configuration list for PBXNativeTarget "PushUITests" */ = {
			isa = XCConfigurationList;
			buildConfigurations = (
				5217A2912FF1B6DA0011F860 /* Debug */,
				5217A2922FF1B6DA0011F860 /* Release */,
			);
			defaultConfigurationIsVisible = 0;
			defaultConfigurationName = Release;
		};
/* End XCConfigurationList section */
	};
	rootObject = 5217A25E2FF1B6D90011F860 /* Project object */;
}
