// !$*UTF8*$!
{
	archiveVersion = 1;
	classes = {
	};
	objectVersion = 56;
	objects = {

/* Begin PBXBuildFile section */
		38747D64198854C45CF41A0B /* DerivationTests.swift in Sources */ = {isa = PBXBuildFile; fileRef = A6ACB1600225E732F2793781 /* DerivationTests.swift */; };
		D49EA4CF9A719681EE19BA97 /* VisiblePresence.swift in Sources */ = {isa = PBXBuildFile; fileRef = DC17E754F3D961895F1CE4BB /* VisiblePresence.swift */; };
		C12A5396FF48C4ED513E6548 /* AppDataContainer.swift in Sources */ = {isa = PBXBuildFile; fileRef = 3B4FADB44245BA63FB30360F /* AppDataContainer.swift */; };
		4D4261F6ED1CD237CF1A8755 /* LocalRepositories.swift in Sources */ = {isa = PBXBuildFile; fileRef = D2074F3C1B8AC44081173369 /* LocalRepositories.swift */; };
		26F2C6792B7A7B95A4CAA07A /* Repositories.swift in Sources */ = {isa = PBXBuildFile; fileRef = 044B9089C6312A67778760DF /* Repositories.swift */; };
		3AA978F62441A910EF220535 /* InMemoryDatabase.swift in Sources */ = {isa = PBXBuildFile; fileRef = F2B9A16F8C8E659474978351 /* InMemoryDatabase.swift */; };
		768266CC6D86EB9853C7AF19 /* SeedData+History.swift in Sources */ = {isa = PBXBuildFile; fileRef = 313359C0CE93392A7FB14E60 /* SeedData+History.swift */; };
		F63F80582BADB81AD016CD1E /* SeedData+Plans.swift in Sources */ = {isa = PBXBuildFile; fileRef = D41ACB4705324F58A3A9E8E2 /* SeedData+Plans.swift */; };
		931141460FD9DB44C45422DF /* SeedData+Presence.swift in Sources */ = {isa = PBXBuildFile; fileRef = 32604E88B8758E2F640D66AD /* SeedData+Presence.swift */; };
		33A14B984EAACEE6C80D050B /* SeedData.swift in Sources */ = {isa = PBXBuildFile; fileRef = 749E8E18E3FCC949CBBA1DA9 /* SeedData.swift */; };
		C6768F930D7166A99E866C46 /* LoadState.swift in Sources */ = {isa = PBXBuildFile; fileRef = 6B85798B38F67EAF4C22237E /* LoadState.swift */; };
		D642E0D9C307A375E2423708 /* UserProfile.swift in Sources */ = {isa = PBXBuildFile; fileRef = CCECEAB47EF3323EDA9E7492 /* UserProfile.swift */; };
		C10DAC9AD63231AF60856CE9 /* FeedEvent.swift in Sources */ = {isa = PBXBuildFile; fileRef = A962D470EE624F36A81FF00C /* FeedEvent.swift */; };
		5832A8E65BEF217D0AF20729 /* PastHangout.swift in Sources */ = {isa = PBXBuildFile; fileRef = E17BCE6943C0DADBEBC6BCCF /* PastHangout.swift */; };
		BE0221D205EB99CA4B9E67F2 /* PushResponse.swift in Sources */ = {isa = PBXBuildFile; fileRef = C1E927A34AC1E14429AD5EE1 /* PushResponse.swift */; };
		C242767ADD6A17C1CF45626E /* PushPlan.swift in Sources */ = {isa = PBXBuildFile; fileRef = FEB9FD6D4DD970167DDE3AB7 /* PushPlan.swift */; };
		17E084FB8111E5757B1B6782 /* SharingPolicy.swift in Sources */ = {isa = PBXBuildFile; fileRef = 012ABAE9166C1203561D8EAE /* SharingPolicy.swift */; };
		C86B55F39FE78AA31356A72F /* PresenceStatus.swift in Sources */ = {isa = PBXBuildFile; fileRef = 4EECC3948A4D7D87D23CDAE1 /* PresenceStatus.swift */; };
		C97701628E21246732612AE0 /* Place.swift in Sources */ = {isa = PBXBuildFile; fileRef = 1F699123CB2E4B2A4695C6A9 /* Place.swift */; };
		FB98C34CF1D94CC11F90FCA0 /* GroupMembership.swift in Sources */ = {isa = PBXBuildFile; fileRef = 6E1A4DE60C164481FC0E40F2 /* GroupMembership.swift */; };
		4B7804E99F6382146782A5F8 /* FriendGroup.swift in Sources */ = {isa = PBXBuildFile; fileRef = 9FB32820B27783CB5B9CC843 /* FriendGroup.swift */; };
		FF84B8903A2AB11A70726C16 /* Person.swift in Sources */ = {isa = PBXBuildFile; fileRef = 1594FA5AF8B7B866F27C2BAF /* Person.swift */; };
		83766FC6C4041622450C6A58 /* DataLayerTests.swift in Sources */ = {isa = PBXBuildFile; fileRef = B7F75D239D47EF653BF50EE2 /* DataLayerTests.swift */; };
		5217A26A2FF1B6D90011F860 /* PushApp.swift in Sources */ = {isa = PBXBuildFile; fileRef = 5217A2692FF1B6D90011F860 /* PushApp.swift */; };
		5217A26C2FF1B6D90011F860 /* ContentView.swift in Sources */ = {isa = PBXBuildFile; fileRef = 5217A26B2FF1B6D90011F860 /* ContentView.swift */; };
		5217A26E2FF1B6DA0011F860 /* Assets.xcassets in Resources */ = {isa = PBXBuildFile; fileRef = 5217A26D2FF1B6DA0011F860 /* Assets.xcassets */; };
		5217A2712FF1B6DA0011F860 /* Preview Assets.xcassets in Resources */ = {isa = PBXBuildFile; fileRef = 5217A2702FF1B6DA0011F860 /* Preview Assets.xcassets */; };
		5217A27B2FF1B6DA0011F860 /* PushTests.swift in Sources */ = {isa = PBXBuildFile; fileRef = 5217A27A2FF1B6DA0011F860 /* PushTests.swift */; };
		5217A2BA2FF2FB000011F860 /* GroupsTests.swift in Sources */ = {isa = PBXBuildFile; fileRef = 5217A2B92FF2FB000011F860 /* GroupsTests.swift */; };
		5217A2852FF1B6DA0011F860 /* PushUITests.swift in Sources */ = {isa = PBXBuildFile; fileRef = 5217A2842FF1B6DA0011F860 /* PushUITests.swift */; };
		5217A2872FF1B6DA0011F860 /* PushUITestsLaunchTests.swift in Sources */ = {isa = PBXBuildFile; fileRef = 5217A2862FF1B6DA0011F860 /* PushUITestsLaunchTests.swift */; };
		5217A2932FF1B6DA0011F860 /* PushColorPalette.swift in Sources */ = {isa = PBXBuildFile; fileRef = 5217A2942FF1B6DA0011F860 /* PushColorPalette.swift */; };
		5217A2BC2FF2FC000011F860 /* PushImageAssets.swift in Sources */ = {isa = PBXBuildFile; fileRef = 5217A2BB2FF2FC000011F860 /* PushImageAssets.swift */; };
		5217A2982FF1B7000011F860 /* PuckModels.swift in Sources */ = {isa = PBXBuildFile; fileRef = 5217A2952FF1B7000011F860 /* PuckModels.swift */; };
		5217A2992FF1B7000011F860 /* FriendPuck.swift in Sources */ = {isa = PBXBuildFile; fileRef = 5217A2962FF1B7000011F860 /* FriendPuck.swift */; };
		5217A29A2FF1B7000011F860 /* PuckLabView.swift in Sources */ = {isa = PBXBuildFile; fileRef = 5217A2972FF1B7000011F860 /* PuckLabView.swift */; };
		5217A29E2FF1B8A00011F860 /* MapPuckModels.swift in Sources */ = {isa = PBXBuildFile; fileRef = 5217A29D2FF1B8A00011F860 /* MapPuckModels.swift */; };
		5217A2A02FF1B8A00011F860 /* StyledMapView.swift in Sources */ = {isa = PBXBuildFile; fileRef = 5217A29F2FF1B8A00011F860 /* StyledMapView.swift */; };
		5217A2AA2FF2F1000011F860 /* ProfileModels.swift in Sources */ = {isa = PBXBuildFile; fileRef = 5217A2A92FF2F1000011F860 /* ProfileModels.swift */; };
		5217A2AC2FF2F1000011F860 /* ProfileView.swift in Sources */ = {isa = PBXBuildFile; fileRef = 5217A2AB2FF2F1000011F860 /* ProfileView.swift */; };
		5217A2C62FF310000011F860 /* ProfileViewModel.swift in Sources */ = {isa = PBXBuildFile; fileRef = 5217A2C52FF310000011F860 /* ProfileViewModel.swift */; };
		5217A2C82FF310000011F860 /* ProfileMockData.swift in Sources */ = {isa = PBXBuildFile; fileRef = 5217A2C72FF310000011F860 /* ProfileMockData.swift */; };
		5217A2CA2FF310000011F860 /* ProfileComponents.swift in Sources */ = {isa = PBXBuildFile; fileRef = 5217A2C92FF310000011F860 /* ProfileComponents.swift */; };
		5217A2CC2FF310000011F860 /* ProfileDestinationView.swift in Sources */ = {isa = PBXBuildFile; fileRef = 5217A2CB2FF310000011F860 /* ProfileDestinationView.swift */; };
		5217A2AE2FF2F1000011F860 /* PushGlassStyle.swift in Sources */ = {isa = PBXBuildFile; fileRef = 5217A2AD2FF2F1000011F860 /* PushGlassStyle.swift */; };
		5217A2B02FF2F1000011F860 /* MainMapModels.swift in Sources */ = {isa = PBXBuildFile; fileRef = 5217A2AF2FF2F1000011F860 /* MainMapModels.swift */; };
		5217A2B22FF2F2000011F860 /* ProfileStyle.swift in Sources */ = {isa = PBXBuildFile; fileRef = 5217A2B12FF2F2000011F860 /* ProfileStyle.swift */; };
		5217A2B42FF2F8000011F860 /* GroupsModels.swift in Sources */ = {isa = PBXBuildFile; fileRef = 5217A2B32FF2F8000011F860 /* GroupsModels.swift */; };
		5217A2B62FF2F8000011F860 /* GroupsView.swift in Sources */ = {isa = PBXBuildFile; fileRef = 5217A2B52FF2F8000011F860 /* GroupsView.swift */; };
		5217A2B82FF2FA000011F860 /* GroupDetailView.swift in Sources */ = {isa = PBXBuildFile; fileRef = 5217A2B72FF2FA000011F860 /* GroupDetailView.swift */; };
		5217A2BE2FF300000011F860 /* CreateActionModels.swift in Sources */ = {isa = PBXBuildFile; fileRef = 5217A2BD2FF300000011F860 /* CreateActionModels.swift */; };
		5217A2C02FF300000011F860 /* CreateActionMenuView.swift in Sources */ = {isa = PBXBuildFile; fileRef = 5217A2BF2FF300000011F860 /* CreateActionMenuView.swift */; };
		5217A2C22FF300000011F860 /* CreatePlaceholderView.swift in Sources */ = {isa = PBXBuildFile; fileRef = 5217A2C12FF300000011F860 /* CreatePlaceholderView.swift */; };
		5217A2C42FF300000011F860 /* BottomNavigationBar.swift in Sources */ = {isa = PBXBuildFile; fileRef = 5217A2C32FF300000011F860 /* BottomNavigationBar.swift */; };
		5217A2D02FF320000011F860 /* assets in Resources */ = {isa = PBXBuildFile; fileRef = 5217A2CF2FF320000011F860 /* assets */; };
		5217A2D22FF320000011F860 /* RealWorldMockData.swift in Sources */ = {isa = PBXBuildFile; fileRef = 5217A2D12FF320000011F860 /* RealWorldMockData.swift */; };
		5217A2D42FF330000011F860 /* FriendPuckStyle.swift in Sources */ = {isa = PBXBuildFile; fileRef = 5217A2D32FF330000011F860 /* FriendPuckStyle.swift */; };
		5217A2D62FF330000011F860 /* ActivityBadge.swift in Sources */ = {isa = PBXBuildFile; fileRef = 5217A2D52FF330000011F860 /* ActivityBadge.swift */; };
		5217A2D82FF330000011F860 /* AvatarStack.swift in Sources */ = {isa = PBXBuildFile; fileRef = 5217A2D72FF330000011F860 /* AvatarStack.swift */; };
		5217A2DA2FF330000011F860 /* FriendClusterPuck.swift in Sources */ = {isa = PBXBuildFile; fileRef = 5217A2D92FF330000011F860 /* FriendClusterPuck.swift */; };
		BCC119D11C854837A2152A34 /* FriendDetailSheetStyle.swift in Sources */ = {isa = PBXBuildFile; fileRef = 974E64FEDDA048D6A78E27C9 /* FriendDetailSheetStyle.swift */; };
		E21E6EA528F84E30B20C18CB /* FriendDetailSheet.swift in Sources */ = {isa = PBXBuildFile; fileRef = B4812B3A122C423CB13A3484 /* FriendDetailSheet.swift */; };
		5217A2DC2FF330000011F860 /* PlansModels.swift in Sources */ = {isa = PBXBuildFile; fileRef = 5217A2DB2FF330000011F860 /* PlansModels.swift */; };
		5217A2DE2FF340000011F860 /* PlansViewModel.swift in Sources */ = {isa = PBXBuildFile; fileRef = 5217A2DD2FF340000011F860 /* PlansViewModel.swift */; };
		5217A2E02FF340000011F860 /* PlansViewModelTests.swift in Sources */ = {isa = PBXBuildFile; fileRef = 5217A2DF2FF340000011F860 /* PlansViewModelTests.swift */; };
		5217A2E22FF350000011F860 /* PlansStyle.swift in Sources */ = {isa = PBXBuildFile; fileRef = 5217A2E12FF350000011F860 /* PlansStyle.swift */; };
		5217A2E42FF350000011F860 /* ActivePlanCard.swift in Sources */ = {isa = PBXBuildFile; fileRef = 5217A2E32FF350000011F860 /* ActivePlanCard.swift */; };
		5217A2E62FF360000011F860 /* PlansCalendarView.swift in Sources */ = {isa = PBXBuildFile; fileRef = 5217A2E52FF360000011F860 /* PlansCalendarView.swift */; };
		5217A2E82FF370000011F860 /* PlansView.swift in Sources */ = {isa = PBXBuildFile; fileRef = 5217A2E72FF370000011F860 /* PlansView.swift */; };
		5217A2EA2FF380000011F860 /* ReviewPushesView.swift in Sources */ = {isa = PBXBuildFile; fileRef = 5217A2E92FF380000011F860 /* ReviewPushesView.swift */; };
		F511D9CB8F68D9D9B0341314 /* StartPushModels.swift in Sources */ = {isa = PBXBuildFile; fileRef = A043BAE1603803A839C0CB52 /* StartPushModels.swift */; };
		E5A6E743849E63F8101AC616 /* StartPushStyle.swift in Sources */ = {isa = PBXBuildFile; fileRef = A5534EA92B26FA8ADC30543F /* StartPushStyle.swift */; };
		C8C8050EED40EF171CC2784D /* StartPushFlowView.swift in Sources */ = {isa = PBXBuildFile; fileRef = F8FD0BA84A167FE482ED4A92 /* StartPushFlowView.swift */; };
		32E97CC31667BAF165D33764 /* StartPushStep1View.swift in Sources */ = {isa = PBXBuildFile; fileRef = 638B34FA781359331A3ED13A /* StartPushStep1View.swift */; };
		8B24F98B098D2F129A31E399 /* StartPushStep2View.swift in Sources */ = {isa = PBXBuildFile; fileRef = 3E7D80FDFED273606F4C76FF /* StartPushStep2View.swift */; };
		DB9FA0D4AF211849B3A47ED1 /* StartPushStep3View.swift in Sources */ = {isa = PBXBuildFile; fileRef = 698E3B36A45C17FF134EEE52 /* StartPushStep3View.swift */; };
		C9D4E825B367F148A70293EC /* StartPushTimingPickers.swift in Sources */ = {isa = PBXBuildFile; fileRef = B7E3F912C458A03D62819F4A /* StartPushTimingPickers.swift */; };
		31CE692EDFCE0B5ECDC4C1DD /* StartPushStep4View.swift in Sources */ = {isa = PBXBuildFile; fileRef = 640CA4B8601EE8D9224ECDE3 /* StartPushStep4View.swift */; };
		AA01000100000000AA010001 /* YourPushCard.swift in Sources */ = {isa = PBXBuildFile; fileRef = AA01000200000000AA010002 /* YourPushCard.swift */; };
		AA01000300000000AA010003 /* ManagePushView.swift in Sources */ = {isa = PBXBuildFile; fileRef = AA01000400000000AA010004 /* ManagePushView.swift */; };
/* End PBXBuildFile section */

/* Begin PBXContainerItemProxy section */
		5217A2772FF1B6DA0011F860 /* PBXContainerItemProxy */ = {
			isa = PBXContainerItemProxy;
			containerPortal = 5217A25E2FF1B6D90011F860 /* Project object */;
			proxyType = 1;
			remoteGlobalIDString = 5217A2652FF1B6D90011F860;
			remoteInfo = Push;
		};
		5217A2812FF1B6DA0011F860 /* PBXContainerItemProxy */ = {
			isa = PBXContainerItemProxy;
			containerPortal = 5217A25E2FF1B6D90011F860 /* Project object */;
			proxyType = 1;
			remoteGlobalIDString = 5217A2652FF1B6D90011F860;
			remoteInfo = Push;
		};
/* End PBXContainerItemProxy section */

/* Begin PBXFileReference section */
		A6ACB1600225E732F2793781 /* DerivationTests.swift */ = {isa = PBXFileReference; lastKnownFileType = sourcecode.swift; path = "DerivationTests.swift"; sourceTree = "<group>"; };
		DC17E754F3D961895F1CE4BB /* VisiblePresence.swift */ = {isa = PBXFileReference; lastKnownFileType = sourcecode.swift; name = "VisiblePresence.swift"; path = "Data/Derived/VisiblePresence.swift"; sourceTree = "<group>"; };
		3B4FADB44245BA63FB30360F /* AppDataContainer.swift */ = {isa = PBXFileReference; lastKnownFileType = sourcecode.swift; name = "AppDataContainer.swift"; path = "Data/AppDataContainer.swift"; sourceTree = "<group>"; };
		D2074F3C1B8AC44081173369 /* LocalRepositories.swift */ = {isa = PBXFileReference; lastKnownFileType = sourcecode.swift; name = "LocalRepositories.swift"; path = "Data/Repositories/LocalRepositories.swift"; sourceTree = "<group>"; };
		044B9089C6312A67778760DF /* Repositories.swift */ = {isa = PBXFileReference; lastKnownFileType = sourcecode.swift; name = "Repositories.swift"; path = "Data/Repositories/Repositories.swift"; sourceTree = "<group>"; };
		F2B9A16F8C8E659474978351 /* InMemoryDatabase.swift */ = {isa = PBXFileReference; lastKnownFileType = sourcecode.swift; name = "InMemoryDatabase.swift"; path = "Data/Store/InMemoryDatabase.swift"; sourceTree = "<group>"; };
		313359C0CE93392A7FB14E60 /* SeedData+History.swift */ = {isa = PBXFileReference; lastKnownFileType = sourcecode.swift; name = "SeedData+History.swift"; path = "Data/Seed/SeedData+History.swift"; sourceTree = "<group>"; };
		D41ACB4705324F58A3A9E8E2 /* SeedData+Plans.swift */ = {isa = PBXFileReference; lastKnownFileType = sourcecode.swift; name = "SeedData+Plans.swift"; path = "Data/Seed/SeedData+Plans.swift"; sourceTree = "<group>"; };
		32604E88B8758E2F640D66AD /* SeedData+Presence.swift */ = {isa = PBXFileReference; lastKnownFileType = sourcecode.swift; name = "SeedData+Presence.swift"; path = "Data/Seed/SeedData+Presence.swift"; sourceTree = "<group>"; };
		749E8E18E3FCC949CBBA1DA9 /* SeedData.swift */ = {isa = PBXFileReference; lastKnownFileType = sourcecode.swift; name = "SeedData.swift"; path = "Data/Seed/SeedData.swift"; sourceTree = "<group>"; };
		6B85798B38F67EAF4C22237E /* LoadState.swift */ = {isa = PBXFileReference; lastKnownFileType = sourcecode.swift; name = LoadState.swift; path = "Data/LoadState.swift"; sourceTree = "<group>"; };
		CCECEAB47EF3323EDA9E7492 /* UserProfile.swift */ = {isa = PBXFileReference; lastKnownFileType = sourcecode.swift; name = UserProfile.swift; path = "Data/Domain/UserProfile.swift"; sourceTree = "<group>"; };
		A962D470EE624F36A81FF00C /* FeedEvent.swift */ = {isa = PBXFileReference; lastKnownFileType = sourcecode.swift; name = FeedEvent.swift; path = "Data/Domain/FeedEvent.swift"; sourceTree = "<group>"; };
		E17BCE6943C0DADBEBC6BCCF /* PastHangout.swift */ = {isa = PBXFileReference; lastKnownFileType = sourcecode.swift; name = PastHangout.swift; path = "Data/Domain/PastHangout.swift"; sourceTree = "<group>"; };
		C1E927A34AC1E14429AD5EE1 /* PushResponse.swift */ = {isa = PBXFileReference; lastKnownFileType = sourcecode.swift; name = PushResponse.swift; path = "Data/Domain/PushResponse.swift"; sourceTree = "<group>"; };
		FEB9FD6D4DD970167DDE3AB7 /* PushPlan.swift */ = {isa = PBXFileReference; lastKnownFileType = sourcecode.swift; name = PushPlan.swift; path = "Data/Domain/PushPlan.swift"; sourceTree = "<group>"; };
		012ABAE9166C1203561D8EAE /* SharingPolicy.swift */ = {isa = PBXFileReference; lastKnownFileType = sourcecode.swift; name = SharingPolicy.swift; path = "Data/Domain/SharingPolicy.swift"; sourceTree = "<group>"; };
		4EECC3948A4D7D87D23CDAE1 /* PresenceStatus.swift */ = {isa = PBXFileReference; lastKnownFileType = sourcecode.swift; name = PresenceStatus.swift; path = "Data/Domain/PresenceStatus.swift"; sourceTree = "<group>"; };
		1F699123CB2E4B2A4695C6A9 /* Place.swift */ = {isa = PBXFileReference; lastKnownFileType = sourcecode.swift; name = Place.swift; path = "Data/Domain/Place.swift"; sourceTree = "<group>"; };
		6E1A4DE60C164481FC0E40F2 /* GroupMembership.swift */ = {isa = PBXFileReference; lastKnownFileType = sourcecode.swift; name = GroupMembership.swift; path = "Data/Domain/GroupMembership.swift"; sourceTree = "<group>"; };
		9FB32820B27783CB5B9CC843 /* FriendGroup.swift */ = {isa = PBXFileReference; lastKnownFileType = sourcecode.swift; name = FriendGroup.swift; path = "Data/Domain/FriendGroup.swift"; sourceTree = "<group>"; };
		1594FA5AF8B7B866F27C2BAF /* Person.swift */ = {isa = PBXFileReference; lastKnownFileType = sourcecode.swift; name = Person.swift; path = "Data/Domain/Person.swift"; sourceTree = "<group>"; };
		B7F75D239D47EF653BF50EE2 /* DataLayerTests.swift */ = {isa = PBXFileReference; lastKnownFileType = sourcecode.swift; path = DataLayerTests.swift; sourceTree = "<group>"; };
		5217A2662FF1B6D90011F860 /* Push.app */ = {isa = PBXFileReference; explicitFileType = wrapper.application; includeInIndex = 0; path = Push.app; sourceTree = BUILT_PRODUCTS_DIR; };
		5217A2692FF1B6D90011F860 /* PushApp.swift */ = {isa = PBXFileReference; lastKnownFileType = sourcecode.swift; path = PushApp.swift; sourceTree = "<group>"; };
		5217A26B2FF1B6D90011F860 /* ContentView.swift */ = {isa = PBXFileReference; lastKnownFileType = sourcecode.swift; path = ContentView.swift; sourceTree = "<group>"; };
		5217A26D2FF1B6DA0011F860 /* Assets.xcassets */ = {isa = PBXFileReference; lastKnownFileType = folder.assetcatalog; path = Assets.xcassets; sourceTree = "<group>"; };
		5217A2702FF1B6DA0011F860 /* Preview Assets.xcassets */ = {isa = PBXFileReference; lastKnownFileType = folder.assetcatalog; path = "Preview Assets.xcassets"; sourceTree = "<group>"; };
		5217A2762FF1B6DA0011F860 /* PushTests.xctest */ = {isa = PBXFileReference; explicitFileType = wrapper.cfbundle; includeInIndex = 0; path = PushTests.xctest; sourceTree = BUILT_PRODUCTS_DIR; };
		5217A27A2FF1B6DA0011F860 /* PushTests.swift */ = {isa = PBXFileReference; lastKnownFileType = sourcecode.swift; path = PushTests.swift; sourceTree = "<group>"; };
		5217A2B92FF2FB000011F860 /* GroupsTests.swift */ = {isa = PBXFileReference; lastKnownFileType = sourcecode.swift; path = GroupsTests.swift; sourceTree = "<group>"; };
		5217A2802FF1B6DA0011F860 /* PushUITests.xctest */ = {isa = PBXFileReference; explicitFileType = wrapper.cfbundle; includeInIndex = 0; path = PushUITests.xctest; sourceTree = BUILT_PRODUCTS_DIR; };
		5217A2842FF1B6DA0011F860 /* PushUITests.swift */ = {isa = PBXFileReference; lastKnownFileType = sourcecode.swift; path = PushUITests.swift; sourceTree = "<group>"; };
		5217A2862FF1B6DA0011F860 /* PushUITestsLaunchTests.swift */ = {isa = PBXFileReference; lastKnownFileType = sourcecode.swift; path = PushUITestsLaunchTests.swift; sourceTree = "<group>"; };
		5217A2942FF1B6DA0011F860 /* PushColorPalette.swift */ = {isa = PBXFileReference; lastKnownFileType = sourcecode.swift; path = PushColorPalette.swift; sourceTree = "<group>"; };
		5217A2BB2FF2FC000011F860 /* PushImageAssets.swift */ = {isa = PBXFileReference; lastKnownFileType = sourcecode.swift; path = PushImageAssets.swift; sourceTree = "<group>"; };
		5217A2952FF1B7000011F860 /* PuckModels.swift */ = {isa = PBXFileReference; lastKnownFileType = sourcecode.swift; path = PuckModels.swift; sourceTree = "<group>"; };
		5217A2962FF1B7000011F860 /* FriendPuck.swift */ = {isa = PBXFileReference; lastKnownFileType = sourcecode.swift; path = FriendPuck.swift; sourceTree = "<group>"; };
		5217A2972FF1B7000011F860 /* PuckLabView.swift */ = {isa = PBXFileReference; lastKnownFileType = sourcecode.swift; path = PuckLabView.swift; sourceTree = "<group>"; };
		5217A29D2FF1B8A00011F860 /* MapPuckModels.swift */ = {isa = PBXFileReference; lastKnownFileType = sourcecode.swift; path = MapPuckModels.swift; sourceTree = "<group>"; };
		5217A29F2FF1B8A00011F860 /* StyledMapView.swift */ = {isa = PBXFileReference; lastKnownFileType = sourcecode.swift; path = StyledMapView.swift; sourceTree = "<group>"; };
		5217A2A92FF2F1000011F860 /* ProfileModels.swift */ = {isa = PBXFileReference; lastKnownFileType = sourcecode.swift; path = ProfileModels.swift; sourceTree = "<group>"; };
		5217A2AB2FF2F1000011F860 /* ProfileView.swift */ = {isa = PBXFileReference; lastKnownFileType = sourcecode.swift; path = ProfileView.swift; sourceTree = "<group>"; };
		5217A2C52FF310000011F860 /* ProfileViewModel.swift */ = {isa = PBXFileReference; lastKnownFileType = sourcecode.swift; path = ProfileViewModel.swift; sourceTree = "<group>"; };
		5217A2C72FF310000011F860 /* ProfileMockData.swift */ = {isa = PBXFileReference; lastKnownFileType = sourcecode.swift; path = ProfileMockData.swift; sourceTree = "<group>"; };
		5217A2C92FF310000011F860 /* ProfileComponents.swift */ = {isa = PBXFileReference; lastKnownFileType = sourcecode.swift; path = ProfileComponents.swift; sourceTree = "<group>"; };
		5217A2CB2FF310000011F860 /* ProfileDestinationView.swift */ = {isa = PBXFileReference; lastKnownFileType = sourcecode.swift; path = ProfileDestinationView.swift; sourceTree = "<group>"; };
		5217A2AD2FF2F1000011F860 /* PushGlassStyle.swift */ = {isa = PBXFileReference; lastKnownFileType = sourcecode.swift; path = PushGlassStyle.swift; sourceTree = "<group>"; };
		5217A2AF2FF2F1000011F860 /* MainMapModels.swift */ = {isa = PBXFileReference; lastKnownFileType = sourcecode.swift; path = MainMapModels.swift; sourceTree = "<group>"; };
		5217A2B12FF2F2000011F860 /* ProfileStyle.swift */ = {isa = PBXFileReference; lastKnownFileType = sourcecode.swift; path = ProfileStyle.swift; sourceTree = "<group>"; };
		5217A2B32FF2F8000011F860 /* GroupsModels.swift */ = {isa = PBXFileReference; lastKnownFileType = sourcecode.swift; path = GroupsModels.swift; sourceTree = "<group>"; };
		5217A2B52FF2F8000011F860 /* GroupsView.swift */ = {isa = PBXFileReference; lastKnownFileType = sourcecode.swift; path = GroupsView.swift; sourceTree = "<group>"; };
		5217A2B72FF2FA000011F860 /* GroupDetailView.swift */ = {isa = PBXFileReference; lastKnownFileType = sourcecode.swift; path = GroupDetailView.swift; sourceTree = "<group>"; };
		5217A2BD2FF300000011F860 /* CreateActionModels.swift */ = {isa = PBXFileReference; lastKnownFileType = sourcecode.swift; path = CreateActionModels.swift; sourceTree = "<group>"; };
		5217A2BF2FF300000011F860 /* CreateActionMenuView.swift */ = {isa = PBXFileReference; lastKnownFileType = sourcecode.swift; path = CreateActionMenuView.swift; sourceTree = "<group>"; };
		5217A2C12FF300000011F860 /* CreatePlaceholderView.swift */ = {isa = PBXFileReference; lastKnownFileType = sourcecode.swift; path = CreatePlaceholderView.swift; sourceTree = "<group>"; };
		5217A2C32FF300000011F860 /* BottomNavigationBar.swift */ = {isa = PBXFileReference; lastKnownFileType = sourcecode.swift; path = BottomNavigationBar.swift; sourceTree = "<group>"; };
		5217A2CF2FF320000011F860 /* assets */ = {isa = PBXFileReference; lastKnownFileType = folder; path = assets; sourceTree = "<group>"; };
		5217A2D12FF320000011F860 /* RealWorldMockData.swift */ = {isa = PBXFileReference; lastKnownFileType = sourcecode.swift; path = RealWorldMockData.swift; sourceTree = "<group>"; };
		5217A2D32FF330000011F860 /* FriendPuckStyle.swift */ = {isa = PBXFileReference; lastKnownFileType = sourcecode.swift; path = FriendPuckStyle.swift; sourceTree = "<group>"; };
		5217A2D52FF330000011F860 /* ActivityBadge.swift */ = {isa = PBXFileReference; lastKnownFileType = sourcecode.swift; path = ActivityBadge.swift; sourceTree = "<group>"; };
		5217A2D72FF330000011F860 /* AvatarStack.swift */ = {isa = PBXFileReference; lastKnownFileType = sourcecode.swift; path = AvatarStack.swift; sourceTree = "<group>"; };
		5217A2D92FF330000011F860 /* FriendClusterPuck.swift */ = {isa = PBXFileReference; lastKnownFileType = sourcecode.swift; path = FriendClusterPuck.swift; sourceTree = "<group>"; };
		974E64FEDDA048D6A78E27C9 /* FriendDetailSheetStyle.swift */ = {isa = PBXFileReference; lastKnownFileType = sourcecode.swift; path = FriendDetailSheetStyle.swift; sourceTree = "<group>"; };
		B4812B3A122C423CB13A3484 /* FriendDetailSheet.swift */ = {isa = PBXFileReference; lastKnownFileType = sourcecode.swift; path = FriendDetailSheet.swift; sourceTree = "<group>"; };
		5217A2DB2FF330000011F860 /* PlansModels.swift */ = {isa = PBXFileReference; lastKnownFileType = sourcecode.swift; path = PlansModels.swift; sourceTree = "<group>"; };
		5217A2DD2FF340000011F860 /* PlansViewModel.swift */ = {isa = PBXFileReference; lastKnownFileType = sourcecode.swift; path = PlansViewModel.swift; sourceTree = "<group>"; };
		5217A2DF2FF340000011F860 /* PlansViewModelTests.swift */ = {isa = PBXFileReference; lastKnownFileType = sourcecode.swift; path = PlansViewModelTests.swift; sourceTree = "<group>"; };
		5217A2E12FF350000011F860 /* PlansStyle.swift */ = {isa = PBXFileReference; lastKnownFileType = sourcecode.swift; path = PlansStyle.swift; sourceTree = "<group>"; };
		5217A2E32FF350000011F860 /* ActivePlanCard.swift */ = {isa = PBXFileReference; lastKnownFileType = sourcecode.swift; path = ActivePlanCard.swift; sourceTree = "<group>"; };
		5217A2E52FF360000011F860 /* PlansCalendarView.swift */ = {isa = PBXFileReference; lastKnownFileType = sourcecode.swift; path = PlansCalendarView.swift; sourceTree = "<group>"; };
		5217A2E72FF370000011F860 /* PlansView.swift */ = {isa = PBXFileReference; lastKnownFileType = sourcecode.swift; path = PlansView.swift; sourceTree = "<group>"; };
		5217A2E92FF380000011F860 /* ReviewPushesView.swift */ = {isa = PBXFileReference; lastKnownFileType = sourcecode.swift; path = ReviewPushesView.swift; sourceTree = "<group>"; };
		A043BAE1603803A839C0CB52 /* StartPushModels.swift */ = {isa = PBXFileReference; lastKnownFileType = sourcecode.swift; path = StartPushModels.swift; sourceTree = "<group>"; };
		A5534EA92B26FA8ADC30543F /* StartPushStyle.swift */ = {isa = PBXFileReference; lastKnownFileType = sourcecode.swift; path = StartPushStyle.swift; sourceTree = "<group>"; };
		F8FD0BA84A167FE482ED4A92 /* StartPushFlowView.swift */ = {isa = PBXFileReference; lastKnownFileType = sourcecode.swift; path = StartPushFlowView.swift; sourceTree = "<group>"; };
		638B34FA781359331A3ED13A /* StartPushStep1View.swift */ = {isa = PBXFileReference; lastKnownFileType = sourcecode.swift; path = StartPushStep1View.swift; sourceTree = "<group>"; };
		3E7D80FDFED273606F4C76FF /* StartPushStep2View.swift */ = {isa = PBXFileReference; lastKnownFileType = sourcecode.swift; path = StartPushStep2View.swift; sourceTree = "<group>"; };
		698E3B36A45C17FF134EEE52 /* StartPushStep3View.swift */ = {isa = PBXFileReference; lastKnownFileType = sourcecode.swift; path = StartPushStep3View.swift; sourceTree = "<group>"; };
		B7E3F912C458A03D62819F4A /* StartPushTimingPickers.swift */ = {isa = PBXFileReference; lastKnownFileType = sourcecode.swift; path = StartPushTimingPickers.swift; sourceTree = "<group>"; };
		640CA4B8601EE8D9224ECDE3 /* StartPushStep4View.swift */ = {isa = PBXFileReference; lastKnownFileType = sourcecode.swift; path = StartPushStep4View.swift; sourceTree = "<group>"; };
		AA01000200000000AA010002 /* YourPushCard.swift */ = {isa = PBXFileReference; lastKnownFileType = sourcecode.swift; path = YourPushCard.swift; sourceTree = "<group>"; };
		AA01000400000000AA010004 /* ManagePushView.swift */ = {isa = PBXFileReference; lastKnownFileType = sourcecode.swift; path = ManagePushView.swift; sourceTree = "<group>"; };
/* End PBXFileReference section */

/* Begin PBXFrameworksBuildPhase section */
		5217A2632FF1B6D90011F860 /* Frameworks */ = {
			isa = PBXFrameworksBuildPhase;
			buildActionMask = 2147483647;
			files = (
			);
			runOnlyForDeploymentPostprocessing = 0;
		};
		5217A2732FF1B6DA0011F860 /* Frameworks */ = {
			isa = PBXFrameworksBuildPhase;
			buildActionMask = 2147483647;
			files = (
			);
			runOnlyForDeploymentPostprocessing = 0;
		};
		5217A27D2FF1B6DA0011F860 /* Frameworks */ = {
			isa = PBXFrameworksBuildPhase;
			buildActionMask = 2147483647;
			files = (
			);
			runOnlyForDeploymentPostprocessing = 0;
		};
/* End PBXFrameworksBuildPhase section */

/* Begin PBXGroup section */
		5217A25D2FF1B6D90011F860 = {
			isa = PBXGroup;
			children = (
				5217A2682FF1B6D90011F860 /* Push */,
				5217A2792FF1B6DA0011F860 /* PushTests */,
				5217A2832FF1B6DA0011F860 /* PushUITests */,
				5217A2CF2FF320000011F860 /* assets */,
				5217A2672FF1B6D90011F860 /* Products */,
			);
			sourceTree = "<group>";
		};
		5217A2672FF1B6D90011F860 /* Products */ = {
			isa = PBXGroup;
			children = (
				5217A2662FF1B6D90011F860 /* Push.app */,
				5217A2762FF1B6DA0011F860 /* PushTests.xctest */,
				5217A2802FF1B6DA0011F860 /* PushUITests.xctest */,
			);
			name = Products;
			sourceTree = "<group>";
		};
		5217A2682FF1B6D90011F860 /* Push */ = {
			isa = PBXGroup;
			children = (
				5217A2692FF1B6D90011F860 /* PushApp.swift */,
				5217A26B2FF1B6D90011F860 /* ContentView.swift */,
				DC17E754F3D961895F1CE4BB /* VisiblePresence.swift */,
				3B4FADB44245BA63FB30360F /* AppDataContainer.swift */,
				D2074F3C1B8AC44081173369 /* LocalRepositories.swift */,
				044B9089C6312A67778760DF /* Repositories.swift */,
				F2B9A16F8C8E659474978351 /* InMemoryDatabase.swift */,
				313359C0CE93392A7FB14E60 /* SeedData+History.swift */,
				D41ACB4705324F58A3A9E8E2 /* SeedData+Plans.swift */,
				32604E88B8758E2F640D66AD /* SeedData+Presence.swift */,
				749E8E18E3FCC949CBBA1DA9 /* SeedData.swift */,
				6B85798B38F67EAF4C22237E /* LoadState.swift */,
				CCECEAB47EF3323EDA9E7492 /* UserProfile.swift */,
				A962D470EE624F36A81FF00C /* FeedEvent.swift */,
				E17BCE6943C0DADBEBC6BCCF /* PastHangout.swift */,
				C1E927A34AC1E14429AD5EE1 /* PushResponse.swift */,
				FEB9FD6D4DD970167DDE3AB7 /* PushPlan.swift */,
				012ABAE9166C1203561D8EAE /* SharingPolicy.swift */,
				4EECC3948A4D7D87D23CDAE1 /* PresenceStatus.swift */,
				1F699123CB2E4B2A4695C6A9 /* Place.swift */,
				6E1A4DE60C164481FC0E40F2 /* GroupMembership.swift */,
				9FB32820B27783CB5B9CC843 /* FriendGroup.swift */,
				1594FA5AF8B7B866F27C2BAF /* Person.swift */,
				5217A2C32FF300000011F860 /* BottomNavigationBar.swift */,
				5217A2942FF1B6DA0011F860 /* PushColorPalette.swift */,
				5217A2BB2FF2FC000011F860 /* PushImageAssets.swift */,
				5217A2AD2FF2F1000011F860 /* PushGlassStyle.swift */,
				5217A2AF2FF2F1000011F860 /* MainMapModels.swift */,
				5217A2BD2FF300000011F860 /* CreateActionModels.swift */,
				5217A2BF2FF300000011F860 /* CreateActionMenuView.swift */,
				5217A2C12FF300000011F860 /* CreatePlaceholderView.swift */,
				5217A2D12FF320000011F860 /* RealWorldMockData.swift */,
				5217A2B32FF2F8000011F860 /* GroupsModels.swift */,
				5217A2B52FF2F8000011F860 /* GroupsView.swift */,
				5217A2B72FF2FA000011F860 /* GroupDetailView.swift */,
				5217A2DB2FF330000011F860 /* PlansModels.swift */,
				5217A2DD2FF340000011F860 /* PlansViewModel.swift */,
				5217A2E12FF350000011F860 /* PlansStyle.swift */,
				5217A2E32FF350000011F860 /* ActivePlanCard.swift */,
				5217A2E52FF360000011F860 /* PlansCalendarView.swift */,
				5217A2E72FF370000011F860 /* PlansView.swift */,
				5217A2E92FF380000011F860 /* ReviewPushesView.swift */,
				AA01000200000000AA010002 /* YourPushCard.swift */,
				AA01000400000000AA010004 /* ManagePushView.swift */,
				A043BAE1603803A839C0CB52 /* StartPushModels.swift */,
				A5534EA92B26FA8ADC30543F /* StartPushStyle.swift */,
				F8FD0BA84A167FE482ED4A92 /* StartPushFlowView.swift */,
				638B34FA781359331A3ED13A /* StartPushStep1View.swift */,
				3E7D80FDFED273606F4C76FF /* StartPushStep2View.swift */,
				698E3B36A45C17FF134EEE52 /* StartPushStep3View.swift */,
				B7E3F912C458A03D62819F4A /* StartPushTimingPickers.swift */,
				640CA4B8601EE8D9224ECDE3 /* StartPushStep4View.swift */,
				5217A2A92FF2F1000011F860 /* ProfileModels.swift */,
				5217A2C52FF310000011F860 /* ProfileViewModel.swift */,
				5217A2C72FF310000011F860 /* ProfileMockData.swift */,
				5217A2B12FF2F2000011F860 /* ProfileStyle.swift */,
				5217A2C92FF310000011F860 /* ProfileComponents.swift */,
				5217A2AB2FF2F1000011F860 /* ProfileView.swift */,
				5217A2CB2FF310000011F860 /* ProfileDestinationView.swift */,
				5217A2952FF1B7000011F860 /* PuckModels.swift */,
				5217A2962FF1B7000011F860 /* FriendPuck.swift */,
				5217A2D32FF330000011F860 /* FriendPuckStyle.swift */,
				5217A2D52FF330000011F860 /* ActivityBadge.swift */,
				5217A2D72FF330000011F860 /* AvatarStack.swift */,
				5217A2D92FF330000011F860 /* FriendClusterPuck.swift */,
				974E64FEDDA048D6A78E27C9 /* FriendDetailSheetStyle.swift */,
				B4812B3A122C423CB13A3484 /* FriendDetailSheet.swift */,
				5217A29D2FF1B8A00011F860 /* MapPuckModels.swift */,
				5217A29F2FF1B8A00011F860 /* StyledMapView.swift */,
				5217A2972FF1B7000011F860 /* PuckLabView.swift */,
				5217A26D2FF1B6DA0011F860 /* Assets.xcassets */,
				5217A26F2FF1B6DA0011F860 /* Preview Content */,
			);
			path = Push;
			sourceTree = "<group>";
		};
		5217A26F2FF1B6DA0011F860 /* Preview Content */ = {
			isa = PBXGroup;
			children = (
				5217A2702FF1B6DA0011F860 /* Preview Assets.xcassets */,
			);
			path = "Preview Content";
			sourceTree = "<group>";
		};
		5217A2792FF1B6DA0011F860 /* PushTests */ = {
			isa = PBXGroup;
			children = (
				5217A27A2FF1B6DA0011F860 /* PushTests.swift */,
				A6ACB1600225E732F2793781 /* DerivationTests.swift */,
				B7F75D239D47EF653BF50EE2 /* DataLayerTests.swift */,
				5217A2B92FF2FB000011F860 /* GroupsTests.swift */,
				5217A2DF2FF340000011F860 /* PlansViewModelTests.swift */,
			);
			path = PushTests;
			sourceTree = "<group>";
		};
		5217A2832FF1B6DA0011F860 /* PushUITests */ = {
			isa = PBXGroup;
			children = (
				5217A2842FF1B6DA0011F860 /* PushUITests.swift */,
				5217A2862FF1B6DA0011F860 /* PushUITestsLaunchTests.swift */,
			);
			path = PushUITests;
			sourceTree = "<group>";
		};
/* End PBXGroup section */

/* Begin PBXNativeTarget section */
		5217A2652FF1B6D90011F860 /* Push */ = {
			isa = PBXNativeTarget;
			buildConfigurationList = 5217A28A2FF1B6DA0011F860 /* Build configuration list for PBXNativeTarget "Push" */;
			buildPhases = (
				5217A2622FF1B6D90011F860 /* Sources */,
				5217A2632FF1B6D90011F860 /* Frameworks */,
				5217A2642FF1B6D90011F860 /* Resources */,
			);
			buildRules = (
			);
			dependencies = (
			);
			name = Push;
			productName = Push;
			productReference = 5217A2662FF1B6D90011F860 /* Push.app */;
			productType = "com.apple.product-type.application";
		};
		5217A2752FF1B6DA0011F860 /* PushTests */ = {
			isa = PBXNativeTarget;
			buildConfigurationList = 5217A28D2FF1B6DA0011F860 /* Build configuration list for PBXNativeTarget "PushTests" */;
			buildPhases = (
				5217A2722FF1B6DA0011F860 /* Sources */,
				5217A2732FF1B6DA0011F860 /* Frameworks */,
				5217A2742FF1B6DA0011F860 /* Resources */,
			);
			buildRules = (
			);
			dependencies = (
				5217A2782FF1B6DA0011F860 /* PBXTargetDependency */,
			);
			name = PushTests;
			productName = PushTests;
			productReference = 5217A2762FF1B6DA0011F860 /* PushTests.xctest */;
			productType = "com.apple.product-type.bundle.unit-test";
		};
		5217A27F2FF1B6DA0011F860 /* PushUITests */ = {
			isa = PBXNativeTarget;
			buildConfigurationList = 5217A2902FF1B6DA0011F860 /* Build configuration list for PBXNativeTarget "PushUITests" */;
			buildPhases = (
				5217A27C2FF1B6DA0011F860 /* Sources */,
				5217A27D2FF1B6DA0011F860 /* Frameworks */,
				5217A27E2FF1B6DA0011F860 /* Resources */,
			);
			buildRules = (
			);
			dependencies = (
				5217A2822FF1B6DA0011F860 /* PBXTargetDependency */,
			);
			name = PushUITests;
			productName = PushUITests;
			productReference = 5217A2802FF1B6DA0011F860 /* PushUITests.xctest */;
			productType = "com.apple.product-type.bundle.ui-testing";
		};
/* End PBXNativeTarget section */

/* Begin PBXProject section */
		5217A25E2FF1B6D90011F860 /* Project object */ = {
			isa = PBXProject;
			attributes = {
				BuildIndependentTargetsInParallel = 1;
				LastSwiftUpdateCheck = 1430;
				LastUpgradeCheck = 1430;
				TargetAttributes = {
					5217A2652FF1B6D90011F860 = {
						CreatedOnToolsVersion = 14.3.1;
					};
					5217A2752FF1B6DA0011F860 = {
						CreatedOnToolsVersion = 14.3.1;
						TestTargetID = 5217A2652FF1B6D90011F860;
					};
					5217A27F2FF1B6DA0011F860 = {
						CreatedOnToolsVersion = 14.3.1;
						TestTargetID = 5217A2652FF1B6D90011F860;
					};
				};
			};
			buildConfigurationList = 5217A2612FF1B6D90011F860 /* Build configuration list for PBXProject "Push" */;
			compatibilityVersion = "Xcode 14.0";
			developmentRegion = en;
			hasScannedForEncodings = 0;
			knownRegions = (
				en,
				Base,
			);
			mainGroup = 5217A25D2FF1B6D90011F860;
			productRefGroup = 5217A2672FF1B6D90011F860 /* Products */;
			projectDirPath = "";
			projectRoot = "";
			targets = (
				5217A2652FF1B6D90011F860 /* Push */,
				5217A2752FF1B6DA0011F860 /* PushTests */,
				5217A27F2FF1B6DA0011F860 /* PushUITests */,
			);
		};
/* End PBXProject section */

/* Begin PBXResourcesBuildPhase section */
		5217A2642FF1B6D90011F860 /* Resources */ = {
			isa = PBXResourcesBuildPhase;
			buildActionMask = 2147483647;
			files = (
				5217A2D02FF320000011F860 /* assets in Resources */,
				5217A2712FF1B6DA0011F860 /* Preview Assets.xcassets in Resources */,
				5217A26E2FF1B6DA0011F860 /* Assets.xcassets in Resources */,
			);
			runOnlyForDeploymentPostprocessing = 0;
		};
		5217A2742FF1B6DA0011F860 /* Resources */ = {
			isa = PBXResourcesBuildPhase;
			buildActionMask = 2147483647;
			files = (
			);
			runOnlyForDeploymentPostprocessing = 0;
		};
		5217A27E2FF1B6DA0011F860 /* Resources */ = {
			isa = PBXResourcesBuildPhase;
			buildActionMask = 2147483647;
			files = (
			);
			runOnlyForDeploymentPostprocessing = 0;
		};
/* End PBXResourcesBuildPhase section */

/* Begin PBXSourcesBuildPhase section */
		5217A2622FF1B6D90011F860 /* Sources */ = {
			isa = PBXSourcesBuildPhase;
			buildActionMask = 2147483647;
			files = (
				5217A26C2FF1B6D90011F860 /* ContentView.swift in Sources */,
				D49EA4CF9A719681EE19BA97 /* VisiblePresence.swift in Sources */,
				C12A5396FF48C4ED513E6548 /* AppDataContainer.swift in Sources */,
				4D4261F6ED1CD237CF1A8755 /* LocalRepositories.swift in Sources */,
				26F2C6792B7A7B95A4CAA07A /* Repositories.swift in Sources */,
				3AA978F62441A910EF220535 /* InMemoryDatabase.swift in Sources */,
				768266CC6D86EB9853C7AF19 /* SeedData+History.swift in Sources */,
				F63F80582BADB81AD016CD1E /* SeedData+Plans.swift in Sources */,
				931141460FD9DB44C45422DF /* SeedData+Presence.swift in Sources */,
				33A14B984EAACEE6C80D050B /* SeedData.swift in Sources */,
				C6768F930D7166A99E866C46 /* LoadState.swift in Sources */,
				D642E0D9C307A375E2423708 /* UserProfile.swift in Sources */,
				C10DAC9AD63231AF60856CE9 /* FeedEvent.swift in Sources */,
				5832A8E65BEF217D0AF20729 /* PastHangout.swift in Sources */,
				BE0221D205EB99CA4B9E67F2 /* PushResponse.swift in Sources */,
				C242767ADD6A17C1CF45626E /* PushPlan.swift in Sources */,
				17E084FB8111E5757B1B6782 /* SharingPolicy.swift in Sources */,
				C86B55F39FE78AA31356A72F /* PresenceStatus.swift in Sources */,
				C97701628E21246732612AE0 /* Place.swift in Sources */,
				FB98C34CF1D94CC11F90FCA0 /* GroupMembership.swift in Sources */,
				4B7804E99F6382146782A5F8 /* FriendGroup.swift in Sources */,
				FF84B8903A2AB11A70726C16 /* Person.swift in Sources */,
				5217A2C42FF300000011F860 /* BottomNavigationBar.swift in Sources */,
				5217A26A2FF1B6D90011F860 /* PushApp.swift in Sources */,
				5217A2A02FF1B8A00011F860 /* StyledMapView.swift in Sources */,
				5217A2932FF1B6DA0011F860 /* PushColorPalette.swift in Sources */,
				5217A2BC2FF2FC000011F860 /* PushImageAssets.swift in Sources */,
				5217A2AE2FF2F1000011F860 /* PushGlassStyle.swift in Sources */,
				5217A2B02FF2F1000011F860 /* MainMapModels.swift in Sources */,
				5217A2BE2FF300000011F860 /* CreateActionModels.swift in Sources */,
				5217A2C02FF300000011F860 /* CreateActionMenuView.swift in Sources */,
				5217A2C22FF300000011F860 /* CreatePlaceholderView.swift in Sources */,
				5217A2D22FF320000011F860 /* RealWorldMockData.swift in Sources */,
				5217A2B42FF2F8000011F860 /* GroupsModels.swift in Sources */,
				5217A2B62FF2F8000011F860 /* GroupsView.swift in Sources */,
				5217A2B82FF2FA000011F860 /* GroupDetailView.swift in Sources */,
				5217A2DC2FF330000011F860 /* PlansModels.swift in Sources */,
				5217A2DE2FF340000011F860 /* PlansViewModel.swift in Sources */,
				5217A2E22FF350000011F860 /* PlansStyle.swift in Sources */,
				5217A2E42FF350000011F860 /* ActivePlanCard.swift in Sources */,
				5217A2E62FF360000011F860 /* PlansCalendarView.swift in Sources */,
				5217A2E82FF370000011F860 /* PlansView.swift in Sources */,
				5217A2EA2FF380000011F860 /* ReviewPushesView.swift in Sources */,
				AA01000100000000AA010001 /* YourPushCard.swift in Sources */,
				AA01000300000000AA010003 /* ManagePushView.swift in Sources */,
				F511D9CB8F68D9D9B0341314 /* StartPushModels.swift in Sources */,
				E5A6E743849E63F8101AC616 /* StartPushStyle.swift in Sources */,
				C8C8050EED40EF171CC2784D /* StartPushFlowView.swift in Sources */,
				32E97CC31667BAF165D33764 /* StartPushStep1View.swift in Sources */,
				8B24F98B098D2F129A31E399 /* StartPushStep2View.swift in Sources */,
				DB9FA0D4AF211849B3A47ED1 /* StartPushStep3View.swift in Sources */,
				C9D4E825B367F148A70293EC /* StartPushTimingPickers.swift in Sources */,
				31CE692EDFCE0B5ECDC4C1DD /* StartPushStep4View.swift in Sources */,
				5217A2AA2FF2F1000011F860 /* ProfileModels.swift in Sources */,
				5217A2C62FF310000011F860 /* ProfileViewModel.swift in Sources */,
				5217A2C82FF310000011F860 /* ProfileMockData.swift in Sources */,
				5217A2B22FF2F2000011F860 /* ProfileStyle.swift in Sources */,
				5217A2CA2FF310000011F860 /* ProfileComponents.swift in Sources */,
				5217A2AC2FF2F1000011F860 /* ProfileView.swift in Sources */,
				5217A2CC2FF310000011F860 /* ProfileDestinationView.swift in Sources */,
				5217A2982FF1B7000011F860 /* PuckModels.swift in Sources */,
				5217A29E2FF1B8A00011F860 /* MapPuckModels.swift in Sources */,
				5217A2992FF1B7000011F860 /* FriendPuck.swift in Sources */,
				5217A2D42FF330000011F860 /* FriendPuckStyle.swift in Sources */,
				5217A2D62FF330000011F860 /* ActivityBadge.swift in Sources */,
				5217A2D82FF330000011F860 /* AvatarStack.swift in Sources */,
				5217A2DA2FF330000011F860 /* FriendClusterPuck.swift in Sources */,
				BCC119D11C854837A2152A34 /* FriendDetailSheetStyle.swift in Sources */,
				E21E6EA528F84E30B20C18CB /* FriendDetailSheet.swift in Sources */,
				5217A29A2FF1B7000011F860 /* PuckLabView.swift in Sources */,
			);
			runOnlyForDeploymentPostprocessing = 0;
		};
		5217A2722FF1B6DA0011F860 /* Sources */ = {
			isa = PBXSourcesBuildPhase;
			buildActionMask = 2147483647;
			files = (
				5217A27B2FF1B6DA0011F860 /* PushTests.swift in Sources */,
				38747D64198854C45CF41A0B /* DerivationTests.swift in Sources */,
				83766FC6C4041622450C6A58 /* DataLayerTests.swift in Sources */,
				5217A2BA2FF2FB000011F860 /* GroupsTests.swift in Sources */,
				5217A2E02FF340000011F860 /* PlansViewModelTests.swift in Sources */,
			);
			runOnlyForDeploymentPostprocessing = 0;
		};
		5217A27C2FF1B6DA0011F860 /* Sources */ = {
			isa = PBXSourcesBuildPhase;
			buildActionMask = 2147483647;
			files = (
				5217A2872FF1B6DA0011F860 /* PushUITestsLaunchTests.swift in Sources */,
				5217A2852FF1B6DA0011F860 /* PushUITests.swift in Sources */,
			);
			runOnlyForDeploymentPostprocessing = 0;
		};
/* End PBXSourcesBuildPhase section */

/* Begin PBXTargetDependency section */
		5217A2782FF1B6DA0011F860 /* PBXTargetDependency */ = {
			isa = PBXTargetDependency;
			target = 5217A2652FF1B6D90011F860 /* Push */;
			targetProxy = 5217A2772FF1B6DA0011F860 /* PBXContainerItemProxy */;
		};
		5217A2822FF1B6DA0011F860 /* PBXTargetDependency */ = {
			isa = PBXTargetDependency;
			target = 5217A2652FF1B6D90011F860 /* Push */;
			targetProxy = 5217A2812FF1B6DA0011F860 /* PBXContainerItemProxy */;
		};
/* End PBXTargetDependency section */

/* Begin XCBuildConfiguration section */
		5217A2882FF1B6DA0011F860 /* Debug */ = {
			isa = XCBuildConfiguration;
			buildSettings = {
				ALWAYS_SEARCH_USER_PATHS = NO;
				CLANG_ANALYZER_NONNULL = YES;
				CLANG_ANALYZER_NUMBER_OBJECT_CONVERSION = YES_AGGRESSIVE;
				CLANG_CXX_LANGUAGE_STANDARD = "gnu++20";
				CLANG_ENABLE_MODULES = YES;
				CLANG_ENABLE_OBJC_ARC = YES;
				CLANG_ENABLE_OBJC_WEAK = YES;
				CLANG_WARN_BLOCK_CAPTURE_AUTORELEASING = YES;
				CLANG_WARN_BOOL_CONVERSION = YES;
				CLANG_WARN_COMMA = YES;
				CLANG_WARN_CONSTANT_CONVERSION = YES;
				CLANG_WARN_DEPRECATED_OBJC_IMPLEMENTATIONS = YES;
				CLANG_WARN_DIRECT_OBJC_ISA_USAGE = YES_ERROR;
				CLANG_WARN_DOCUMENTATION_COMMENTS = YES;
				CLANG_WARN_EMPTY_BODY = YES;
				CLANG_WARN_ENUM_CONVERSION = YES;
				CLANG_WARN_INFINITE_RECURSION = YES;
				CLANG_WARN_INT_CONVERSION = YES;
				CLANG_WARN_NON_LITERAL_NULL_CONVERSION = YES;
				CLANG_WARN_OBJC_IMPLICIT_RETAIN_SELF = YES;
				CLANG_WARN_OBJC_LITERAL_CONVERSION = YES;
				CLANG_WARN_OBJC_ROOT_CLASS = YES_ERROR;
				CLANG_WARN_QUOTED_INCLUDE_IN_FRAMEWORK_HEADER = YES;
				CLANG_WARN_RANGE_LOOP_ANALYSIS = YES;
				CLANG_WARN_STRICT_PROTOTYPES = YES;
				CLANG_WARN_SUSPICIOUS_MOVE = YES;
				CLANG_WARN_UNGUARDED_AVAILABILITY = YES_AGGRESSIVE;
				CLANG_WARN_UNREACHABLE_CODE = YES;
				CLANG_WARN__DUPLICATE_METHOD_MATCH = YES;
				COPY_PHASE_STRIP = NO;
				DEBUG_INFORMATION_FORMAT = dwarf;
				ENABLE_STRICT_OBJC_MSGSEND = YES;
				ENABLE_TESTABILITY = YES;
				GCC_C_LANGUAGE_STANDARD = gnu11;
				GCC_DYNAMIC_NO_PIC = NO;
				GCC_NO_COMMON_BLOCKS = YES;
				GCC_OPTIMIZATION_LEVEL = 0;
				GCC_PREPROCESSOR_DEFINITIONS = (
					"DEBUG=1",
					"$(inherited)",
				);
				GCC_WARN_64_TO_32_BIT_CONVERSION = YES;
				GCC_WARN_ABOUT_RETURN_TYPE = YES_ERROR;
				GCC_WARN_UNDECLARED_SELECTOR = YES;
				GCC_WARN_UNINITIALIZED_AUTOS = YES_AGGRESSIVE;
				GCC_WARN_UNUSED_FUNCTION = YES;
				GCC_WARN_UNUSED_VARIABLE = YES;
				IPHONEOS_DEPLOYMENT_TARGET = 16.4;
				MTL_ENABLE_DEBUG_INFO = INCLUDE_SOURCE;
				MTL_FAST_MATH = YES;
				ONLY_ACTIVE_ARCH = YES;
				SDKROOT = iphoneos;
				SWIFT_ACTIVE_COMPILATION_CONDITIONS = DEBUG;
				SWIFT_OPTIMIZATION_LEVEL = "-Onone";
			};
			name = Debug;
		};
		5217A2892FF1B6DA0011F860 /* Release */ = {
			isa = XCBuildConfiguration;
			buildSettings = {
				ALWAYS_SEARCH_USER_PATHS = NO;
				CLANG_ANALYZER_NONNULL = YES;
				CLANG_ANALYZER_NUMBER_OBJECT_CONVERSION = YES_AGGRESSIVE;
				CLANG_CXX_LANGUAGE_STANDARD = "gnu++20";
				CLANG_ENABLE_MODULES = YES;
				CLANG_ENABLE_OBJC_ARC = YES;
				CLANG_ENABLE_OBJC_WEAK = YES;
				CLANG_WARN_BLOCK_CAPTURE_AUTORELEASING = YES;
				CLANG_WARN_BOOL_CONVERSION = YES;
				CLANG_WARN_COMMA = YES;
				CLANG_WARN_CONSTANT_CONVERSION = YES;
				CLANG_WARN_DEPRECATED_OBJC_IMPLEMENTATIONS = YES;
				CLANG_WARN_DIRECT_OBJC_ISA_USAGE = YES_ERROR;
				CLANG_WARN_DOCUMENTATION_COMMENTS = YES;
				CLANG_WARN_EMPTY_BODY = YES;
				CLANG_WARN_ENUM_CONVERSION = YES;
				CLANG_WARN_INFINITE_RECURSION = YES;
				CLANG_WARN_INT_CONVERSION = YES;
				CLANG_WARN_NON_LITERAL_NULL_CONVERSION = YES;
				CLANG_WARN_OBJC_IMPLICIT_RETAIN_SELF = YES;
				CLANG_WARN_OBJC_LITERAL_CONVERSION = YES;
				CLANG_WARN_OBJC_ROOT_CLASS = YES_ERROR;
				CLANG_WARN_QUOTED_INCLUDE_IN_FRAMEWORK_HEADER = YES;
				CLANG_WARN_RANGE_LOOP_ANALYSIS = YES;
				CLANG_WARN_STRICT_PROTOTYPES = YES;
				CLANG_WARN_SUSPICIOUS_MOVE = YES;
				CLANG_WARN_UNGUARDED_AVAILABILITY = YES_AGGRESSIVE;
				CLANG_WARN_UNREACHABLE_CODE = YES;
				CLANG_WARN__DUPLICATE_METHOD_MATCH = YES;
				COPY_PHASE_STRIP = NO;
				DEBUG_INFORMATION_FORMAT = "dwarf-with-dsym";
				ENABLE_NS_ASSERTIONS = NO;
				ENABLE_STRICT_OBJC_MSGSEND = YES;
				GCC_C_LANGUAGE_STANDARD = gnu11;
				GCC_NO_COMMON_BLOCKS = YES;
				GCC_WARN_64_TO_32_BIT_CONVERSION = YES;
				GCC_WARN_ABOUT_RETURN_TYPE = YES_ERROR;
				GCC_WARN_UNDECLARED_SELECTOR = YES;
				GCC_WARN_UNINITIALIZED_AUTOS = YES_AGGRESSIVE;
				GCC_WARN_UNUSED_FUNCTION = YES;
				GCC_WARN_UNUSED_VARIABLE = YES;
				IPHONEOS_DEPLOYMENT_TARGET = 16.4;
				MTL_ENABLE_DEBUG_INFO = NO;
				MTL_FAST_MATH = YES;
				SDKROOT = iphoneos;
				SWIFT_COMPILATION_MODE = wholemodule;
				SWIFT_OPTIMIZATION_LEVEL = "-O";
				VALIDATE_PRODUCT = YES;
			};
			name = Release;
		};
		5217A28B2FF1B6DA0011F860 /* Debug */ = {
			isa = XCBuildConfiguration;
			buildSettings = {
				ASSETCATALOG_COMPILER_APPICON_NAME = AppIcon;
				ASSETCATALOG_COMPILER_GLOBAL_ACCENT_COLOR_NAME = AccentColor;
				CODE_SIGN_STYLE = Automatic;
				CURRENT_PROJECT_VERSION = 1;
				DEVELOPMENT_ASSET_PATHS = "\"Push/Preview Content\"";
				DEVELOPMENT_TEAM = 43Z5J88JU8;
				ENABLE_PREVIEWS = YES;
				GENERATE_INFOPLIST_FILE = YES;
				INFOPLIST_KEY_UIApplicationSceneManifest_Generation = YES;
				INFOPLIST_KEY_UIApplicationSupportsIndirectInputEvents = YES;
				INFOPLIST_KEY_UILaunchScreen_Generation = YES;
				INFOPLIST_KEY_UISupportedInterfaceOrientations_iPad = "UIInterfaceOrientationPortrait UIInterfaceOrientationPortraitUpsideDown UIInterfaceOrientationLandscapeLeft UIInterfaceOrientationLandscapeRight";
				INFOPLIST_KEY_UISupportedInterfaceOrientations_iPhone = "UIInterfaceOrientationPortrait UIInterfaceOrientationLandscapeLeft UIInterfaceOrientationLandscapeRight";
				LD_RUNPATH_SEARCH_PATHS = (
					"$(inherited)",
					"@executable_path/Frameworks",
				);
				MARKETING_VERSION = 1.0;
				PRODUCT_BUNDLE_IDENTIFIER = com.manav.Push;
				PRODUCT_NAME = "$(TARGET_NAME)";
				SWIFT_EMIT_LOC_STRINGS = YES;
				SWIFT_VERSION = 5.0;
				TARGETED_DEVICE_FAMILY = "1,2";
			};
			name = Debug;
		};
		5217A28C2FF1B6DA0011F860 /* Release */ = {
			isa = XCBuildConfiguration;
			buildSettings = {
				ASSETCATALOG_COMPILER_APPICON_NAME = AppIcon;
				ASSETCATALOG_COMPILER_GLOBAL_ACCENT_COLOR_NAME = AccentColor;
				CODE_SIGN_STYLE = Automatic;
				CURRENT_PROJECT_VERSION = 1;
				DEVELOPMENT_ASSET_PATHS = "\"Push/Preview Content\"";
				DEVELOPMENT_TEAM = 43Z5J88JU8;
				ENABLE_PREVIEWS = YES;
				GENERATE_INFOPLIST_FILE = YES;
				INFOPLIST_KEY_UIApplicationSceneManifest_Generation = YES;
				INFOPLIST_KEY_UIApplicationSupportsIndirectInputEvents = YES;
				INFOPLIST_KEY_UILaunchScreen_Generation = YES;
				INFOPLIST_KEY_UISupportedInterfaceOrientations_iPad = "UIInterfaceOrientationPortrait UIInterfaceOrientationPortraitUpsideDown UIInterfaceOrientationLandscapeLeft UIInterfaceOrientationLandscapeRight";
				INFOPLIST_KEY_UISupportedInterfaceOrientations_iPhone = "UIInterfaceOrientationPortrait UIInterfaceOrientationLandscapeLeft UIInterfaceOrientationLandscapeRight";
				LD_RUNPATH_SEARCH_PATHS = (
					"$(inherited)",
					"@executable_path/Frameworks",
				);
				MARKETING_VERSION = 1.0;
				PRODUCT_BUNDLE_IDENTIFIER = com.manav.Push;
				PRODUCT_NAME = "$(TARGET_NAME)";
				SWIFT_EMIT_LOC_STRINGS = YES;
				SWIFT_VERSION = 5.0;
				TARGETED_DEVICE_FAMILY = "1,2";
			};
			name = Release;
		};
		5217A28E2FF1B6DA0011F860 /* Debug */ = {
			isa = XCBuildConfiguration;
			buildSettings = {
				ALWAYS_EMBED_SWIFT_STANDARD_LIBRARIES = YES;
				BUNDLE_LOADER = "$(TEST_HOST)";
				CODE_SIGN_STYLE = Automatic;
				CURRENT_PROJECT_VERSION = 1;
				DEVELOPMENT_TEAM = 43Z5J88JU8;
				GENERATE_INFOPLIST_FILE = YES;
				IPHONEOS_DEPLOYMENT_TARGET = 16.4;
				MARKETING_VERSION = 1.0;
				PRODUCT_BUNDLE_IDENTIFIER = com.manav.PushTests;
				PRODUCT_NAME = "$(TARGET_NAME)";
				SWIFT_EMIT_LOC_STRINGS = NO;
				SWIFT_VERSION = 5.0;
				TARGETED_DEVICE_FAMILY = "1,2";
				TEST_HOST = "$(BUILT_PRODUCTS_DIR)/Push.app/$(BUNDLE_EXECUTABLE_FOLDER_PATH)/Push";
			};
			name = Debug;
		};
		5217A28F2FF1B6DA0011F860 /* Release */ = {
			isa = XCBuildConfiguration;
			buildSettings = {
				ALWAYS_EMBED_SWIFT_STANDARD_LIBRARIES = YES;
				BUNDLE_LOADER = "$(TEST_HOST)";
				CODE_SIGN_STYLE = Automatic;
				CURRENT_PROJECT_VERSION = 1;
				DEVELOPMENT_TEAM = 43Z5J88JU8;
				GENERATE_INFOPLIST_FILE = YES;
				IPHONEOS_DEPLOYMENT_TARGET = 16.4;
				MARKETING_VERSION = 1.0;
				PRODUCT_BUNDLE_IDENTIFIER = com.manav.PushTests;
				PRODUCT_NAME = "$(TARGET_NAME)";
				SWIFT_EMIT_LOC_STRINGS = NO;
				SWIFT_VERSION = 5.0;
				TARGETED_DEVICE_FAMILY = "1,2";
				TEST_HOST = "$(BUILT_PRODUCTS_DIR)/Push.app/$(BUNDLE_EXECUTABLE_FOLDER_PATH)/Push";
			};
			name = Release;
		};
		5217A2912FF1B6DA0011F860 /* Debug */ = {
			isa = XCBuildConfiguration;
			buildSettings = {
				ALWAYS_EMBED_SWIFT_STANDARD_LIBRARIES = YES;
				CODE_SIGN_STYLE = Automatic;
				CURRENT_PROJECT_VERSION = 1;
				DEVELOPMENT_TEAM = 43Z5J88JU8;
				GENERATE_INFOPLIST_FILE = YES;
				MARKETING_VERSION = 1.0;
				PRODUCT_BUNDLE_IDENTIFIER = com.manav.PushUITests;
				PRODUCT_NAME = "$(TARGET_NAME)";
				SWIFT_EMIT_LOC_STRINGS = NO;
				SWIFT_VERSION = 5.0;
				TARGETED_DEVICE_FAMILY = "1,2";
				TEST_TARGET_NAME = Push;
			};
			name = Debug;
		};
		5217A2922FF1B6DA0011F860 /* Release */ = {
			isa = XCBuildConfiguration;
			buildSettings = {
				ALWAYS_EMBED_SWIFT_STANDARD_LIBRARIES = YES;
				CODE_SIGN_STYLE = Automatic;
				CURRENT_PROJECT_VERSION = 1;
				DEVELOPMENT_TEAM = 43Z5J88JU8;
				GENERATE_INFOPLIST_FILE = YES;
				MARKETING_VERSION = 1.0;
				PRODUCT_BUNDLE_IDENTIFIER = com.manav.PushUITests;
				PRODUCT_NAME = "$(TARGET_NAME)";
				SWIFT_EMIT_LOC_STRINGS = NO;
				SWIFT_VERSION = 5.0;
				TARGETED_DEVICE_FAMILY = "1,2";
				TEST_TARGET_NAME = Push;
			};
			name = Release;
		};
/* End XCBuildConfiguration section */

/* Begin XCConfigurationList section */
		5217A2612FF1B6D90011F860 /* Build configuration list for PBXProject "Push" */ = {
			isa = XCConfigurationList;
			buildConfigurations = (
				5217A2882FF1B6DA0011F860 /* Debug */,
				5217A2892FF1B6DA0011F860 /* Release */,
			);
			defaultConfigurationIsVisible = 0;
			defaultConfigurationName = Release;
		};
		5217A28A2FF1B6DA0011F860 /* Build configuration list for PBXNativeTarget "Push" */ = {
			isa = XCConfigurationList;
			buildConfigurations = (
				5217A28B2FF1B6DA0011F860 /* Debug */,
				5217A28C2FF1B6DA0011F860 /* Release */,
			);
			defaultConfigurationIsVisible = 0;
			defaultConfigurationName = Release;
		};
		5217A28D2FF1B6DA0011F860 /* Build configuration list for PBXNativeTarget "PushTests" */ = {
			isa = XCConfigurationList;
			buildConfigurations = (
				5217A28E2FF1B6DA0011F860 /* Debug */,
				5217A28F2FF1B6DA0011F860 /* Release */,
			);
			defaultConfigurationIsVisible = 0;
			defaultConfigurationName = Release;
		};
		5217A2902FF1B6DA0011F860 /* Build configuration list for PBXNativeTarget "PushUITests" */ = {
			isa = XCConfigurationList;
			buildConfigurations = (
				5217A2912FF1B6DA0011F860 /* Debug */,
				5217A2922FF1B6DA0011F860 /* Release */,
			);
			defaultConfigurationIsVisible = 0;
			defaultConfigurationName = Release;
		};
/* End XCConfigurationList section */
	};
	rootObject = 5217A25E2FF1B6D90011F860 /* Project object */;
}
